// !$*UTF8*$!
{
	archiveVersion = 1;
	classes = {
	};
	objectVersion = 46;
	objects = {

/* Begin PBXBuildFile section */
		28F828811C494B2C00330CF4 /* Bender.h in Headers */ = {isa = PBXBuildFile; fileRef = 28F828801C494B2C00330CF4 /* Bender.h */; settings = {ATTRIBUTES = (Public, ); }; };
		4697C2191ED31F8D003ED2E9 /* local_response_norm.metal in Sources */ = {isa = PBXBuildFile; fileRef = 4697C2181ED31F8D003ED2E9 /* local_response_norm.metal */; };
		4697C21B1ED35E50003ED2E9 /* LocalResponseNorm.swift in Sources */ = {isa = PBXBuildFile; fileRef = 4697C21A1ED35E50003ED2E9 /* LocalResponseNorm.swift */; };
		8F0669B11EC364A3009F5C7C /* PALFunctionConstant.swift in Sources */ = {isa = PBXBuildFile; fileRef = 8F0669B01EC364A3009F5C7C /* PALFunctionConstant.swift */; };
		8F0669B31EC36672009F5C7C /* ComputePipelineDef.swift in Sources */ = {isa = PBXBuildFile; fileRef = 8F0669B21EC36672009F5C7C /* ComputePipelineDef.swift */; };
		8F0669B71EC37424009F5C7C /* ParameterLoader.swift in Sources */ = {isa = PBXBuildFile; fileRef = 8F0669B61EC37424009F5C7C /* ParameterLoader.swift */; };
		8F0669BA1EC3A31B009F5C7C /* PerLayerBinaryLoader.swift in Sources */ = {isa = PBXBuildFile; fileRef = 8F0669B91EC3A31B009F5C7C /* PerLayerBinaryLoader.swift */; };
		8F0669BC1EC3A4C1009F5C7C /* SingleBinaryLoader.swift in Sources */ = {isa = PBXBuildFile; fileRef = 8F0669BB1EC3A4C1009F5C7C /* SingleBinaryLoader.swift */; };
		8F3DE15A1EBB962200D81949 /* Network.swift in Sources */ = {isa = PBXBuildFile; fileRef = 8F3DE1591EBB962200D81949 /* Network.swift */; };
		8F3DE15D1EBB9ACC00D81949 /* MetalShaderManager.swift in Sources */ = {isa = PBXBuildFile; fileRef = 8F3DE15C1EBB9ACC00D81949 /* MetalShaderManager.swift */; };
		8F3DE15F1EBBD0C700D81949 /* Add.swift in Sources */ = {isa = PBXBuildFile; fileRef = 8F3DE15E1EBBD0C700D81949 /* Add.swift */; };
		8F4466CE1ECF5F8E00915819 /* TFWeightData.swift in Sources */ = {isa = PBXBuildFile; fileRef = 8F4466CD1ECF5F8E00915819 /* TFWeightData.swift */; };
		8F4466D91ECF831300915819 /* ProtoExtensions.swift in Sources */ = {isa = PBXBuildFile; fileRef = 8F4466D81ECF831300915819 /* ProtoExtensions.swift */; };
		8F60A3141EC4D04E00296167 /* ImageLinearTransform.swift in Sources */ = {isa = PBXBuildFile; fileRef = 8F60A3131EC4D04E00296167 /* ImageLinearTransform.swift */; };
		8F60A31A1EC4DBE800296167 /* Pooling.swift in Sources */ = {isa = PBXBuildFile; fileRef = 8F60A3191EC4DBE800296167 /* Pooling.swift */; };
		8F60A31D1EC4E6E400296167 /* PaddingType.swift in Sources */ = {isa = PBXBuildFile; fileRef = 8F60A31C1EC4E6E400296167 /* PaddingType.swift */; };
		8F60A31F1EC4F16200296167 /* FullyConnected.swift in Sources */ = {isa = PBXBuildFile; fileRef = 8F60A31E1EC4F16200296167 /* FullyConnected.swift */; };
		8F60A3211EC4F9CD00296167 /* Softmax.swift in Sources */ = {isa = PBXBuildFile; fileRef = 8F60A3201EC4F9CD00296167 /* Softmax.swift */; };
		8F60A3231EC4FA7A00296167 /* SpatialNorm.swift in Sources */ = {isa = PBXBuildFile; fileRef = 8F60A3221EC4FA7A00296167 /* SpatialNorm.swift */; };
		8F79B7F91EC21AC2002D02C8 /* ConvTranspose.swift in Sources */ = {isa = PBXBuildFile; fileRef = 8FA983FC1EBA70F900586D1B /* ConvTranspose.swift */; };
		8F79B7FA1EC21BE8002D02C8 /* Crop.swift in Sources */ = {isa = PBXBuildFile; fileRef = 8FA983FD1EBA70F900586D1B /* Crop.swift */; };
		8F79B7FB1EC21C1D002D02C8 /* InstanceNorm.swift in Sources */ = {isa = PBXBuildFile; fileRef = 8FA983F51EBA70F200586D1B /* InstanceNorm.swift */; };
		8F79B7FE1EC2302C002D02C8 /* Scale.swift in Sources */ = {isa = PBXBuildFile; fileRef = 8FA983FE1EBA70F900586D1B /* Scale.swift */; };
		8F79B8001EC233A8002D02C8 /* ActivationNeuronType.swift in Sources */ = {isa = PBXBuildFile; fileRef = 8F79B7FF1EC233A8002D02C8 /* ActivationNeuronType.swift */; };
		8F79B8011EC233F3002D02C8 /* Identity.swift in Sources */ = {isa = PBXBuildFile; fileRef = 8FA8E31C1EC0AE5800E8BAD8 /* Identity.swift */; };
		8F79B8021EC23444002D02C8 /* Neuron.swift in Sources */ = {isa = PBXBuildFile; fileRef = 8FA8E31E1EC0B2B100E8BAD8 /* Neuron.swift */; };
		8F79B8031EC23563002D02C8 /* ResidualLayer.swift in Sources */ = {isa = PBXBuildFile; fileRef = 8FA9841E1EBA74D700586D1B /* ResidualLayer.swift */; };
		8F79B8081EC248CD002D02C8 /* Dummy.swift in Sources */ = {isa = PBXBuildFile; fileRef = 8F79B8071EC248CD002D02C8 /* Dummy.swift */; };
		8F79B80A1EC2514A002D02C8 /* MTLDevice.swift in Sources */ = {isa = PBXBuildFile; fileRef = 8F79B8091EC2514A002D02C8 /* MTLDevice.swift */; };
		8F8856591EE05C9E006140B3 /* TFReshapeOptimizer.swift in Sources */ = {isa = PBXBuildFile; fileRef = 8F8856581EE05C9E006140B3 /* TFReshapeOptimizer.swift */; };
		8F94C5301ECE042400D5E0E6 /* Converter.swift in Sources */ = {isa = PBXBuildFile; fileRef = 8F94C52F1ECE042400D5E0E6 /* Converter.swift */; };
		8F94C5321ECE0B8400D5E0E6 /* TFConverter.swift in Sources */ = {isa = PBXBuildFile; fileRef = 8F94C5311ECE0B8400D5E0E6 /* TFConverter.swift */; };
		8F94C5341ECE0DC600D5E0E6 /* TFOptimizer.swift in Sources */ = {isa = PBXBuildFile; fileRef = 8F94C5331ECE0DC600D5E0E6 /* TFOptimizer.swift */; };
		8F94C53D1ECE1DD000D5E0E6 /* TFVariableProcessor.swift in Sources */ = {isa = PBXBuildFile; fileRef = 8F94C53C1ECE1DD000D5E0E6 /* TFVariableProcessor.swift */; };
		8F94C53F1ECE256100D5E0E6 /* String+TFParsing.swift in Sources */ = {isa = PBXBuildFile; fileRef = 8F94C53E1ECE256100D5E0E6 /* String+TFParsing.swift */; };
		8F94C5411ECE262800D5E0E6 /* Regex.swift in Sources */ = {isa = PBXBuildFile; fileRef = 8F94C5401ECE262800D5E0E6 /* Regex.swift */; };
		8F9F35851EDC83CE005F4DAE /* Data.swift in Sources */ = {isa = PBXBuildFile; fileRef = 8F9F35841EDC83CE005F4DAE /* Data.swift */; };
		8FA6BABC1ED5BD48004450C0 /* TFConverter+Mappers.swift in Sources */ = {isa = PBXBuildFile; fileRef = 8FA6BABB1ED5BD48004450C0 /* TFConverter+Mappers.swift */; };
		8FA6BABE1ED5BE95004450C0 /* TFGraph.swift in Sources */ = {isa = PBXBuildFile; fileRef = 8FA6BABD1ED5BE94004450C0 /* TFGraph.swift */; };
		8FA6BAC01ED5BE9E004450C0 /* TFNode.swift in Sources */ = {isa = PBXBuildFile; fileRef = 8FA6BABF1ED5BE9E004450C0 /* TFNode.swift */; };
		8FA6BAC21ED5CFCE004450C0 /* TFInstanceNormOptimizer.swift in Sources */ = {isa = PBXBuildFile; fileRef = 8FA6BAC11ED5CFCE004450C0 /* TFInstanceNormOptimizer.swift */; };
		8FA8E3211EC0B8B500E8BAD8 /* BGRAtoRGBA.swift in Sources */ = {isa = PBXBuildFile; fileRef = 8FA8E3201EC0B8B500E8BAD8 /* BGRAtoRGBA.swift */; };
		8FA8E32E1EC0FD8800E8BAD8 /* Start.swift in Sources */ = {isa = PBXBuildFile; fileRef = 8FA8E32D1EC0FD8800E8BAD8 /* Start.swift */; };
		8FA8E3301EC0FE2700E8BAD8 /* Operators.swift in Sources */ = {isa = PBXBuildFile; fileRef = 8FA8E32F1EC0FE2700E8BAD8 /* Operators.swift */; };
		8FA984041EBA70F900586D1B /* Convolution.swift in Sources */ = {isa = PBXBuildFile; fileRef = 8FA983FB1EBA70F900586D1B /* Convolution.swift */; };
		8FA984091EBA70F900586D1B /* NetworkLayer.swift in Sources */ = {isa = PBXBuildFile; fileRef = 8FA984001EBA70F900586D1B /* NetworkLayer.swift */; };
		8FA984141EBA710000586D1B /* conv_transpose.metal in Sources */ = {isa = PBXBuildFile; fileRef = 8FA9840E1EBA710000586D1B /* conv_transpose.metal */; };
		8FA984161EBA710000586D1B /* instanceNorm.metal in Sources */ = {isa = PBXBuildFile; fileRef = 8FA984101EBA710000586D1B /* instanceNorm.metal */; };
		8FA984171EBA710000586D1B /* instanceNorm3.metal in Sources */ = {isa = PBXBuildFile; fileRef = 8FA984111EBA710000586D1B /* instanceNorm3.metal */; };
		8FA984181EBA710000586D1B /* Shaders.metal in Sources */ = {isa = PBXBuildFile; fileRef = 8FA984121EBA710000586D1B /* Shaders.metal */; };
		8FA9841B1EBA723500586D1B /* Helpers.swift in Sources */ = {isa = PBXBuildFile; fileRef = 8FA9841A1EBA723500586D1B /* Helpers.swift */; };
		8FA9841D1EBA726B00586D1B /* Constants.swift in Sources */ = {isa = PBXBuildFile; fileRef = 8FA9841C1EBA726B00586D1B /* Constants.swift */; };
		8FA984211EBA778900586D1B /* MTLTexture.swift in Sources */ = {isa = PBXBuildFile; fileRef = 8FA984201EBA778900586D1B /* MTLTexture.swift */; };
		8FA984241EBA77AE00586D1B /* MPSImageDescriptor.swift in Sources */ = {isa = PBXBuildFile; fileRef = 8FA984231EBA77AE00586D1B /* MPSImageDescriptor.swift */; };
		8FA984261EBA77E400586D1B /* LayerSize.swift in Sources */ = {isa = PBXBuildFile; fileRef = 8FA984251EBA77E400586D1B /* LayerSize.swift */; };
		8FAB772E1ECC8D6E0050AB16 /* TFGraphLoader.swift in Sources */ = {isa = PBXBuildFile; fileRef = 8FAB772D1ECC8D6E0050AB16 /* TFGraphLoader.swift */; };
		8FAB77391ECC993A0050AB16 /* Graph.swift in Sources */ = {isa = PBXBuildFile; fileRef = 8FAB77381ECC993A0050AB16 /* Graph.swift */; };
		8FAB773D1ECC9B0F0050AB16 /* Node.swift in Sources */ = {isa = PBXBuildFile; fileRef = 8FAB773C1ECC9B0F0050AB16 /* Node.swift */; };
		8FAD35031ED47A97004B69DA /* TFDeleteSubgraph.swift in Sources */ = {isa = PBXBuildFile; fileRef = 8FAD35021ED47A97004B69DA /* TFDeleteSubgraph.swift */; };
		8FAD35091ED4C7B3004B69DA /* TFConvOptimizer.swift in Sources */ = {isa = PBXBuildFile; fileRef = 8FAD35081ED4C7B3004B69DA /* TFConvOptimizer.swift */; };
		8FC2B3A51EE5D9B80038E582 /* SwiftProtobuf.framework in Frameworks */ = {isa = PBXBuildFile; fileRef = 8FAB772B1ECC87E20050AB16 /* SwiftProtobuf.framework */; };
		8FC8F7AF1ED35396004DA113 /* TFDenseSubstitution.swift in Sources */ = {isa = PBXBuildFile; fileRef = 8FC8F7AE1ED35396004DA113 /* TFDenseSubstitution.swift */; };
		8FC8F7B41ED38164004DA113 /* TFDeleteOptimizers.swift in Sources */ = {isa = PBXBuildFile; fileRef = 8FC8F7B31ED38164004DA113 /* TFDeleteOptimizers.swift */; };
		8FFF4AD71EDEFDB600141E9D /* Shape.swift in Sources */ = {isa = PBXBuildFile; fileRef = 8FFF4AD61EDEFDB600141E9D /* Shape.swift */; };
		E832A1431EE8453800D7A5AA /* allocation_description.pb.swift in Sources */ = {isa = PBXBuildFile; fileRef = E832A0DD1EE8453800D7A5AA /* allocation_description.pb.swift */; };
		E832A1441EE8453800D7A5AA /* api_objects.pb.swift in Sources */ = {isa = PBXBuildFile; fileRef = E832A0DE1EE8453800D7A5AA /* api_objects.pb.swift */; };
		E832A1451EE8453800D7A5AA /* attr_value.pb.swift in Sources */ = {isa = PBXBuildFile; fileRef = E832A0DF1EE8453800D7A5AA /* attr_value.pb.swift */; };
		E832A1461EE8453800D7A5AA /* bigquery_table_partition.pb.swift in Sources */ = {isa = PBXBuildFile; fileRef = E832A0E01EE8453800D7A5AA /* bigquery_table_partition.pb.swift */; };
		E832A1471EE8453800D7A5AA /* checkpoint_state.pb.swift in Sources */ = {isa = PBXBuildFile; fileRef = E832A0E11EE8453800D7A5AA /* checkpoint_state.pb.swift */; };
		E832A1481EE8453800D7A5AA /* class_registration_test.pb.swift in Sources */ = {isa = PBXBuildFile; fileRef = E832A0E21EE8453800D7A5AA /* class_registration_test.pb.swift */; };
		E832A1491EE8453800D7A5AA /* classification.pb.swift in Sources */ = {isa = PBXBuildFile; fileRef = E832A0E31EE8453800D7A5AA /* classification.pb.swift */; };
		E832A14A1EE8453800D7A5AA /* cluster.pb.swift in Sources */ = {isa = PBXBuildFile; fileRef = E832A0E41EE8453800D7A5AA /* cluster.pb.swift */; };
		E832A14B1EE8453800D7A5AA /* compare_test.pb.swift in Sources */ = {isa = PBXBuildFile; fileRef = E832A0E51EE8453800D7A5AA /* compare_test.pb.swift */; };
		E832A14C1EE8453800D7A5AA /* config.pb.swift in Sources */ = {isa = PBXBuildFile; fileRef = E832A0E61EE8453800D7A5AA /* config.pb.swift */; };
		E832A14D1EE8453800D7A5AA /* control_flow.pb.swift in Sources */ = {isa = PBXBuildFile; fileRef = E832A0E71EE8453800D7A5AA /* control_flow.pb.swift */; };
		E832A14E1EE8453800D7A5AA /* cost_graph.pb.swift in Sources */ = {isa = PBXBuildFile; fileRef = E832A0E81EE8453800D7A5AA /* cost_graph.pb.swift */; };
		E832A14F1EE8453800D7A5AA /* cpp_shape_inference.pb.swift in Sources */ = {isa = PBXBuildFile; fileRef = E832A0E91EE8453800D7A5AA /* cpp_shape_inference.pb.swift */; };
		E832A1501EE8453800D7A5AA /* debug.pb.swift in Sources */ = {isa = PBXBuildFile; fileRef = E832A0EA1EE8453800D7A5AA /* debug.pb.swift */; };
		E832A1511EE8453800D7A5AA /* debug_service.pb.swift in Sources */ = {isa = PBXBuildFile; fileRef = E832A0EB1EE8453800D7A5AA /* debug_service.pb.swift */; };
		E832A1521EE8453800D7A5AA /* device_attributes.pb.swift in Sources */ = {isa = PBXBuildFile; fileRef = E832A0EC1EE8453800D7A5AA /* device_attributes.pb.swift */; };
		E832A1531EE8453800D7A5AA /* device_properties.pb.swift in Sources */ = {isa = PBXBuildFile; fileRef = E832A0ED1EE8453800D7A5AA /* device_properties.pb.swift */; };
		E832A1541EE8453800D7A5AA /* error_codes.pb.swift in Sources */ = {isa = PBXBuildFile; fileRef = E832A0EE1EE8453800D7A5AA /* error_codes.pb.swift */; };
		E832A1551EE8453800D7A5AA /* event.pb.swift in Sources */ = {isa = PBXBuildFile; fileRef = E832A0EF1EE8453800D7A5AA /* event.pb.swift */; };
		E832A1561EE8453800D7A5AA /* example.pb.swift in Sources */ = {isa = PBXBuildFile; fileRef = E832A0F01EE8453800D7A5AA /* example.pb.swift */; };
		E832A1571EE8453800D7A5AA /* example_parser_configuration.pb.swift in Sources */ = {isa = PBXBuildFile; fileRef = E832A0F11EE8453800D7A5AA /* example_parser_configuration.pb.swift */; };
		E832A1581EE8453800D7A5AA /* example_proto_fast_parsing_test.pb.swift in Sources */ = {isa = PBXBuildFile; fileRef = E832A0F21EE8453800D7A5AA /* example_proto_fast_parsing_test.pb.swift */; };
		E832A1591EE8453800D7A5AA /* fake_loader_source_adapter.pb.swift in Sources */ = {isa = PBXBuildFile; fileRef = E832A0F31EE8453800D7A5AA /* fake_loader_source_adapter.pb.swift */; };
		E832A15A1EE8453800D7A5AA /* feature.pb.swift in Sources */ = {isa = PBXBuildFile; fileRef = E832A0F41EE8453800D7A5AA /* feature.pb.swift */; };
		E832A15B1EE8453800D7A5AA /* file_system_storage_path_source.pb.swift in Sources */ = {isa = PBXBuildFile; fileRef = E832A0F51EE8453800D7A5AA /* file_system_storage_path_source.pb.swift */; };
		E832A15C1EE8453800D7A5AA /* function.pb.swift in Sources */ = {isa = PBXBuildFile; fileRef = E832A0F61EE8453800D7A5AA /* function.pb.swift */; };
		E832A15D1EE8453800D7A5AA /* generator.pb.swift in Sources */ = {isa = PBXBuildFile; fileRef = E832A0F71EE8453800D7A5AA /* generator.pb.swift */; };
		E832A15E1EE8453800D7A5AA /* get_model_metadata.pb.swift in Sources */ = {isa = PBXBuildFile; fileRef = E832A0F81EE8453800D7A5AA /* get_model_metadata.pb.swift */; };
		E832A15F1EE8453800D7A5AA /* graph.pb.swift in Sources */ = {isa = PBXBuildFile; fileRef = E832A0F91EE8453800D7A5AA /* graph.pb.swift */; };
		E832A1601EE8453800D7A5AA /* graph_explorer.pb.swift in Sources */ = {isa = PBXBuildFile; fileRef = E832A0FA1EE8453800D7A5AA /* graph_explorer.pb.swift */; };
		E832A1611EE8453800D7A5AA /* graph_transfer_info.pb.swift in Sources */ = {isa = PBXBuildFile; fileRef = E832A0FB1EE8453800D7A5AA /* graph_transfer_info.pb.swift */; };
		E832A1621EE8453800D7A5AA /* hashmap_source_adapter.pb.swift in Sources */ = {isa = PBXBuildFile; fileRef = E832A0FC1EE8453800D7A5AA /* hashmap_source_adapter.pb.swift */; };
		E832A1631EE8453800D7A5AA /* hlo.pb.swift in Sources */ = {isa = PBXBuildFile; fileRef = E832A0FD1EE8453800D7A5AA /* hlo.pb.swift */; };
		E832A1641EE8453800D7A5AA /* hparam.pb.swift in Sources */ = {isa = PBXBuildFile; fileRef = E832A0FE1EE8453800D7A5AA /* hparam.pb.swift */; };
		E832A1651EE8453800D7A5AA /* inference.pb.swift in Sources */ = {isa = PBXBuildFile; fileRef = E832A0FF1EE8453800D7A5AA /* inference.pb.swift */; };
		E832A1661EE8453800D7A5AA /* input.pb.swift in Sources */ = {isa = PBXBuildFile; fileRef = E832A1001EE8453800D7A5AA /* input.pb.swift */; };
		E832A1671EE8453800D7A5AA /* kernel_def.pb.swift in Sources */ = {isa = PBXBuildFile; fileRef = E832A1011EE8453800D7A5AA /* kernel_def.pb.swift */; };
		E832A1681EE8453800D7A5AA /* learner.pb.swift in Sources */ = {isa = PBXBuildFile; fileRef = E832A1021EE8453800D7A5AA /* learner.pb.swift */; };
		E832A1691EE8453800D7A5AA /* log_collector_config.pb.swift in Sources */ = {isa = PBXBuildFile; fileRef = E832A1031EE8453800D7A5AA /* log_collector_config.pb.swift */; };
		E832A16A1EE8453800D7A5AA /* log_memory.pb.swift in Sources */ = {isa = PBXBuildFile; fileRef = E832A1041EE8453800D7A5AA /* log_memory.pb.swift */; };
		E832A16B1EE8453800D7A5AA /* logging.pb.swift in Sources */ = {isa = PBXBuildFile; fileRef = E832A1051EE8453800D7A5AA /* logging.pb.swift */; };
		E832A16C1EE8453800D7A5AA /* logging_config.pb.swift in Sources */ = {isa = PBXBuildFile; fileRef = E832A1061EE8453800D7A5AA /* logging_config.pb.swift */; };
		E832A16D1EE8453800D7A5AA /* manifest.pb.swift in Sources */ = {isa = PBXBuildFile; fileRef = E832A1071EE8453800D7A5AA /* manifest.pb.swift */; };
		E832A16E1EE8453900D7A5AA /* master.pb.swift in Sources */ = {isa = PBXBuildFile; fileRef = E832A1081EE8453800D7A5AA /* master.pb.swift */; };
		E832A16F1EE8453900D7A5AA /* master_service.pb.swift in Sources */ = {isa = PBXBuildFile; fileRef = E832A1091EE8453800D7A5AA /* master_service.pb.swift */; };
		E832A1701EE8453900D7A5AA /* memmapped_file_system.pb.swift in Sources */ = {isa = PBXBuildFile; fileRef = E832A10A1EE8453800D7A5AA /* memmapped_file_system.pb.swift */; };
		E832A1711EE8453900D7A5AA /* meta_graph.pb.swift in Sources */ = {isa = PBXBuildFile; fileRef = E832A10B1EE8453800D7A5AA /* meta_graph.pb.swift */; };
		E832A1721EE8453900D7A5AA /* model.pb.swift in Sources */ = {isa = PBXBuildFile; fileRef = E832A10C1EE8453800D7A5AA /* model.pb.swift */; };
		E832A1731EE8453900D7A5AA /* model_server_config.pb.swift in Sources */ = {isa = PBXBuildFile; fileRef = E832A10D1EE8453800D7A5AA /* model_server_config.pb.swift */; };
		E832A1741EE8453900D7A5AA /* mpi_msg.pb.swift in Sources */ = {isa = PBXBuildFile; fileRef = E832A10E1EE8453800D7A5AA /* mpi_msg.pb.swift */; };
		E832A1751EE8453900D7A5AA /* music.pb.swift in Sources */ = {isa = PBXBuildFile; fileRef = E832A10F1EE8453800D7A5AA /* music.pb.swift */; };
		E832A1761EE8453900D7A5AA /* named_tensor.pb.swift in Sources */ = {isa = PBXBuildFile; fileRef = E832A1101EE8453800D7A5AA /* named_tensor.pb.swift */; };
		E832A1771EE8453900D7A5AA /* node_def.pb.swift in Sources */ = {isa = PBXBuildFile; fileRef = E832A1111EE8453800D7A5AA /* node_def.pb.swift */; };
		E832A1781EE8453900D7A5AA /* op_def.pb.swift in Sources */ = {isa = PBXBuildFile; fileRef = E832A1121EE8453800D7A5AA /* op_def.pb.swift */; };
		E832A1791EE8453900D7A5AA /* op_gen_overrides.pb.swift in Sources */ = {isa = PBXBuildFile; fileRef = E832A1131EE8453800D7A5AA /* op_gen_overrides.pb.swift */; };
		E832A17A1EE8453900D7A5AA /* op_performance_data.pb.swift in Sources */ = {isa = PBXBuildFile; fileRef = E832A1141EE8453800D7A5AA /* op_performance_data.pb.swift */; };
		E832A17B1EE8453900D7A5AA /* platform_config.pb.swift in Sources */ = {isa = PBXBuildFile; fileRef = E832A1151EE8453800D7A5AA /* platform_config.pb.swift */; };
		E832A17C1EE8453900D7A5AA /* predict.pb.swift in Sources */ = {isa = PBXBuildFile; fileRef = E832A1161EE8453800D7A5AA /* predict.pb.swift */; };
		E832A17D1EE8453900D7A5AA /* prediction_service.pb.swift in Sources */ = {isa = PBXBuildFile; fileRef = E832A1171EE8453800D7A5AA /* prediction_service.pb.swift */; };
		E832A17E1EE8453900D7A5AA /* projector_config.pb.swift in Sources */ = {isa = PBXBuildFile; fileRef = E832A1181EE8453800D7A5AA /* projector_config.pb.swift */; };
		E832A17F1EE8453900D7A5AA /* quantiles.pb.swift in Sources */ = {isa = PBXBuildFile; fileRef = E832A1191EE8453800D7A5AA /* quantiles.pb.swift */; };
		E832A1801EE8453900D7A5AA /* queue_runner.pb.swift in Sources */ = {isa = PBXBuildFile; fileRef = E832A11A1EE8453800D7A5AA /* queue_runner.pb.swift */; };
		E832A1811EE8453900D7A5AA /* reader_base.pb.swift in Sources */ = {isa = PBXBuildFile; fileRef = E832A11B1EE8453800D7A5AA /* reader_base.pb.swift */; };
		E832A1821EE8453900D7A5AA /* regression.pb.swift in Sources */ = {isa = PBXBuildFile; fileRef = E832A11C1EE8453800D7A5AA /* regression.pb.swift */; };
		E832A1831EE8453900D7A5AA /* remote_fused_graph_execute_info.pb.swift in Sources */ = {isa = PBXBuildFile; fileRef = E832A11D1EE8453800D7A5AA /* remote_fused_graph_execute_info.pb.swift */; };
		E832A1841EE8453900D7A5AA /* resource_handle.pb.swift in Sources */ = {isa = PBXBuildFile; fileRef = E832A11E1EE8453800D7A5AA /* resource_handle.pb.swift */; };
		E832A1851EE8453900D7A5AA /* resources.pb.swift in Sources */ = {isa = PBXBuildFile; fileRef = E832A11F1EE8453800D7A5AA /* resources.pb.swift */; };
		E832A1861EE8453900D7A5AA /* rewriter_config.pb.swift in Sources */ = {isa = PBXBuildFile; fileRef = E832A1201EE8453800D7A5AA /* rewriter_config.pb.swift */; };
		E832A1871EE8453900D7A5AA /* saved_model.pb.swift in Sources */ = {isa = PBXBuildFile; fileRef = E832A1211EE8453800D7A5AA /* saved_model.pb.swift */; };
		E832A1881EE8453900D7A5AA /* saved_model_bundle_source_adapter.pb.swift in Sources */ = {isa = PBXBuildFile; fileRef = E832A1221EE8453800D7A5AA /* saved_model_bundle_source_adapter.pb.swift */; };
		E832A1891EE8453900D7A5AA /* saved_tensor_slice.pb.swift in Sources */ = {isa = PBXBuildFile; fileRef = E832A1231EE8453800D7A5AA /* saved_tensor_slice.pb.swift */; };
		E832A18A1EE8453900D7A5AA /* saver.pb.swift in Sources */ = {isa = PBXBuildFile; fileRef = E832A1241EE8453800D7A5AA /* saver.pb.swift */; };
		E832A18B1EE8453900D7A5AA /* serialized_input.pb.swift in Sources */ = {isa = PBXBuildFile; fileRef = E832A1251EE8453800D7A5AA /* serialized_input.pb.swift */; };
		E832A18C1EE8453900D7A5AA /* session.pb.swift in Sources */ = {isa = PBXBuildFile; fileRef = E832A1261EE8453800D7A5AA /* session.pb.swift */; };
		E832A18D1EE8453900D7A5AA /* session_bundle_config.pb.swift in Sources */ = {isa = PBXBuildFile; fileRef = E832A1271EE8453800D7A5AA /* session_bundle_config.pb.swift */; };
		E832A18E1EE8453900D7A5AA /* session_bundle_source_adapter.pb.swift in Sources */ = {isa = PBXBuildFile; fileRef = E832A1281EE8453800D7A5AA /* session_bundle_source_adapter.pb.swift */; };
		E832A18F1EE8453900D7A5AA /* static_storage_path_source.pb.swift in Sources */ = {isa = PBXBuildFile; fileRef = E832A1291EE8453800D7A5AA /* static_storage_path_source.pb.swift */; };
		E832A1901EE8453900D7A5AA /* step_stats.pb.swift in Sources */ = {isa = PBXBuildFile; fileRef = E832A12A1EE8453800D7A5AA /* step_stats.pb.swift */; };
		E832A1911EE8453900D7A5AA /* storage_path_error_injecting_source_adapter.pb.swift in Sources */ = {isa = PBXBuildFile; fileRef = E832A12B1EE8453800D7A5AA /* storage_path_error_injecting_source_adapter.pb.swift */; };
		E832A1921EE8453900D7A5AA /* summary.pb.swift in Sources */ = {isa = PBXBuildFile; fileRef = E832A12C1EE8453800D7A5AA /* summary.pb.swift */; };
		E832A1931EE8453900D7A5AA /* tensor.pb.swift in Sources */ = {isa = PBXBuildFile; fileRef = E832A12D1EE8453800D7A5AA /* tensor.pb.swift */; };
		E832A1941EE8453900D7A5AA /* tensor_bundle.pb.swift in Sources */ = {isa = PBXBuildFile; fileRef = E832A12E1EE8453800D7A5AA /* tensor_bundle.pb.swift */; };
		E832A1951EE8453900D7A5AA /* tensor_description.pb.swift in Sources */ = {isa = PBXBuildFile; fileRef = E832A12F1EE8453800D7A5AA /* tensor_description.pb.swift */; };
		E832A1961EE8453900D7A5AA /* tensor_shape.pb.swift in Sources */ = {isa = PBXBuildFile; fileRef = E832A1301EE8453800D7A5AA /* tensor_shape.pb.swift */; };
		E832A1971EE8453900D7A5AA /* tensor_slice.pb.swift in Sources */ = {isa = PBXBuildFile; fileRef = E832A1311EE8453800D7A5AA /* tensor_slice.pb.swift */; };
		E832A1981EE8453900D7A5AA /* tensorflow_server.pb.swift in Sources */ = {isa = PBXBuildFile; fileRef = E832A1321EE8453800D7A5AA /* tensorflow_server.pb.swift */; };
		E832A1991EE8453900D7A5AA /* test.pb.swift in Sources */ = {isa = PBXBuildFile; fileRef = E832A1331EE8453800D7A5AA /* test.pb.swift */; };
		E832A19A1EE8453900D7A5AA /* test_log.pb.swift in Sources */ = {isa = PBXBuildFile; fileRef = E832A1341EE8453800D7A5AA /* test_log.pb.swift */; };
		E832A19B1EE8453900D7A5AA /* tfcompile.pb.swift in Sources */ = {isa = PBXBuildFile; fileRef = E832A1351EE8453800D7A5AA /* tfcompile.pb.swift */; };
		E832A19C1EE8453900D7A5AA /* tfprof_log.pb.swift in Sources */ = {isa = PBXBuildFile; fileRef = E832A1361EE8453800D7A5AA /* tfprof_log.pb.swift */; };
		E832A19D1EE8453900D7A5AA /* tfprof_options.pb.swift in Sources */ = {isa = PBXBuildFile; fileRef = E832A1371EE8453800D7A5AA /* tfprof_options.pb.swift */; };
		E832A19E1EE8453900D7A5AA /* tfprof_output.pb.swift in Sources */ = {isa = PBXBuildFile; fileRef = E832A1381EE8453800D7A5AA /* tfprof_output.pb.swift */; };
		E832A19F1EE8453900D7A5AA /* trace_info.pb.swift in Sources */ = {isa = PBXBuildFile; fileRef = E832A1391EE8453800D7A5AA /* trace_info.pb.swift */; };
		E832A1A01EE8453900D7A5AA /* tree_config.pb.swift in Sources */ = {isa = PBXBuildFile; fileRef = E832A13A1EE8453800D7A5AA /* tree_config.pb.swift */; };
		E832A1A11EE8453900D7A5AA /* types.pb.swift in Sources */ = {isa = PBXBuildFile; fileRef = E832A13B1EE8453800D7A5AA /* types.pb.swift */; };
		E832A1A21EE8453900D7A5AA /* variable.pb.swift in Sources */ = {isa = PBXBuildFile; fileRef = E832A13C1EE8453800D7A5AA /* variable.pb.swift */; };
		E832A1A31EE8453900D7A5AA /* verbs_service.pb.swift in Sources */ = {isa = PBXBuildFile; fileRef = E832A13D1EE8453800D7A5AA /* verbs_service.pb.swift */; };
		E832A1A41EE8453900D7A5AA /* versions.pb.swift in Sources */ = {isa = PBXBuildFile; fileRef = E832A13E1EE8453800D7A5AA /* versions.pb.swift */; };
		E832A1A51EE8453900D7A5AA /* worker.pb.swift in Sources */ = {isa = PBXBuildFile; fileRef = E832A13F1EE8453800D7A5AA /* worker.pb.swift */; };
		E832A1A61EE8453900D7A5AA /* worker_service.pb.swift in Sources */ = {isa = PBXBuildFile; fileRef = E832A1401EE8453800D7A5AA /* worker_service.pb.swift */; };
		E832A1A71EE8453900D7A5AA /* xla.pb.swift in Sources */ = {isa = PBXBuildFile; fileRef = E832A1411EE8453800D7A5AA /* xla.pb.swift */; };
		E832A1A81EE8453900D7A5AA /* xla_data.pb.swift in Sources */ = {isa = PBXBuildFile; fileRef = E832A1421EE8453800D7A5AA /* xla_data.pb.swift */; };
/* End PBXBuildFile section */

/* Begin PBXFileReference section */
		28F8287D1C494B2C00330CF4 /* Bender.framework */ = {isa = PBXFileReference; explicitFileType = wrapper.framework; includeInIndex = 0; path = Bender.framework; sourceTree = BUILT_PRODUCTS_DIR; };
		28F828801C494B2C00330CF4 /* Bender.h */ = {isa = PBXFileReference; lastKnownFileType = sourcecode.c.h; path = Bender.h; sourceTree = "<group>"; };
		28F828821C494B2C00330CF4 /* Info.plist */ = {isa = PBXFileReference; lastKnownFileType = text.plist.xml; path = Info.plist; sourceTree = "<group>"; };
		4697C2181ED31F8D003ED2E9 /* local_response_norm.metal */ = {isa = PBXFileReference; fileEncoding = 4; lastKnownFileType = sourcecode.metal; path = local_response_norm.metal; sourceTree = "<group>"; };
		4697C21A1ED35E50003ED2E9 /* LocalResponseNorm.swift */ = {isa = PBXFileReference; fileEncoding = 4; lastKnownFileType = sourcecode.swift; path = LocalResponseNorm.swift; sourceTree = "<group>"; };
		8F0669B01EC364A3009F5C7C /* PALFunctionConstant.swift */ = {isa = PBXFileReference; fileEncoding = 4; lastKnownFileType = sourcecode.swift; path = PALFunctionConstant.swift; sourceTree = "<group>"; };
		8F0669B21EC36672009F5C7C /* ComputePipelineDef.swift */ = {isa = PBXFileReference; fileEncoding = 4; lastKnownFileType = sourcecode.swift; path = ComputePipelineDef.swift; sourceTree = "<group>"; };
		8F0669B61EC37424009F5C7C /* ParameterLoader.swift */ = {isa = PBXFileReference; fileEncoding = 4; lastKnownFileType = sourcecode.swift; path = ParameterLoader.swift; sourceTree = "<group>"; };
		8F0669B91EC3A31B009F5C7C /* PerLayerBinaryLoader.swift */ = {isa = PBXFileReference; fileEncoding = 4; lastKnownFileType = sourcecode.swift; path = PerLayerBinaryLoader.swift; sourceTree = "<group>"; };
		8F0669BB1EC3A4C1009F5C7C /* SingleBinaryLoader.swift */ = {isa = PBXFileReference; fileEncoding = 4; lastKnownFileType = sourcecode.swift; path = SingleBinaryLoader.swift; sourceTree = "<group>"; };
		8F3DE1591EBB962200D81949 /* Network.swift */ = {isa = PBXFileReference; fileEncoding = 4; lastKnownFileType = sourcecode.swift; path = Network.swift; sourceTree = "<group>"; };
		8F3DE15C1EBB9ACC00D81949 /* MetalShaderManager.swift */ = {isa = PBXFileReference; fileEncoding = 4; lastKnownFileType = sourcecode.swift; path = MetalShaderManager.swift; sourceTree = "<group>"; };
		8F3DE15E1EBBD0C700D81949 /* Add.swift */ = {isa = PBXFileReference; fileEncoding = 4; lastKnownFileType = sourcecode.swift; path = Add.swift; sourceTree = "<group>"; };
		8F4466CD1ECF5F8E00915819 /* TFWeightData.swift */ = {isa = PBXFileReference; fileEncoding = 4; lastKnownFileType = sourcecode.swift; path = TFWeightData.swift; sourceTree = "<group>"; };
		8F4466D81ECF831300915819 /* ProtoExtensions.swift */ = {isa = PBXFileReference; fileEncoding = 4; lastKnownFileType = sourcecode.swift; path = ProtoExtensions.swift; sourceTree = "<group>"; };
		8F60A3131EC4D04E00296167 /* ImageLinearTransform.swift */ = {isa = PBXFileReference; fileEncoding = 4; lastKnownFileType = sourcecode.swift; path = ImageLinearTransform.swift; sourceTree = "<group>"; };
		8F60A3191EC4DBE800296167 /* Pooling.swift */ = {isa = PBXFileReference; fileEncoding = 4; lastKnownFileType = sourcecode.swift; path = Pooling.swift; sourceTree = "<group>"; };
		8F60A31C1EC4E6E400296167 /* PaddingType.swift */ = {isa = PBXFileReference; fileEncoding = 4; lastKnownFileType = sourcecode.swift; path = PaddingType.swift; sourceTree = "<group>"; };
		8F60A31E1EC4F16200296167 /* FullyConnected.swift */ = {isa = PBXFileReference; fileEncoding = 4; lastKnownFileType = sourcecode.swift; path = FullyConnected.swift; sourceTree = "<group>"; };
		8F60A3201EC4F9CD00296167 /* Softmax.swift */ = {isa = PBXFileReference; fileEncoding = 4; lastKnownFileType = sourcecode.swift; path = Softmax.swift; sourceTree = "<group>"; };
		8F60A3221EC4FA7A00296167 /* SpatialNorm.swift */ = {isa = PBXFileReference; fileEncoding = 4; lastKnownFileType = sourcecode.swift; path = SpatialNorm.swift; sourceTree = "<group>"; };
		8F79B7FF1EC233A8002D02C8 /* ActivationNeuronType.swift */ = {isa = PBXFileReference; fileEncoding = 4; lastKnownFileType = sourcecode.swift; path = ActivationNeuronType.swift; sourceTree = "<group>"; };
		8F79B8071EC248CD002D02C8 /* Dummy.swift */ = {isa = PBXFileReference; fileEncoding = 4; lastKnownFileType = sourcecode.swift; path = Dummy.swift; sourceTree = "<group>"; };
		8F79B8091EC2514A002D02C8 /* MTLDevice.swift */ = {isa = PBXFileReference; fileEncoding = 4; lastKnownFileType = sourcecode.swift; path = MTLDevice.swift; sourceTree = "<group>"; };
		8F8856581EE05C9E006140B3 /* TFReshapeOptimizer.swift */ = {isa = PBXFileReference; fileEncoding = 4; lastKnownFileType = sourcecode.swift; path = TFReshapeOptimizer.swift; sourceTree = "<group>"; };
		8F94C52F1ECE042400D5E0E6 /* Converter.swift */ = {isa = PBXFileReference; fileEncoding = 4; lastKnownFileType = sourcecode.swift; path = Converter.swift; sourceTree = "<group>"; };
		8F94C5311ECE0B8400D5E0E6 /* TFConverter.swift */ = {isa = PBXFileReference; fileEncoding = 4; lastKnownFileType = sourcecode.swift; path = TFConverter.swift; sourceTree = "<group>"; };
		8F94C5331ECE0DC600D5E0E6 /* TFOptimizer.swift */ = {isa = PBXFileReference; fileEncoding = 4; lastKnownFileType = sourcecode.swift; name = TFOptimizer.swift; path = ../TFOptimizer.swift; sourceTree = "<group>"; };
		8F94C53C1ECE1DD000D5E0E6 /* TFVariableProcessor.swift */ = {isa = PBXFileReference; fileEncoding = 4; lastKnownFileType = sourcecode.swift; path = TFVariableProcessor.swift; sourceTree = "<group>"; };
		8F94C53E1ECE256100D5E0E6 /* String+TFParsing.swift */ = {isa = PBXFileReference; fileEncoding = 4; lastKnownFileType = sourcecode.swift; path = "String+TFParsing.swift"; sourceTree = "<group>"; };
		8F94C5401ECE262800D5E0E6 /* Regex.swift */ = {isa = PBXFileReference; fileEncoding = 4; lastKnownFileType = sourcecode.swift; path = Regex.swift; sourceTree = "<group>"; };
		8F9F35841EDC83CE005F4DAE /* Data.swift */ = {isa = PBXFileReference; fileEncoding = 4; lastKnownFileType = sourcecode.swift; path = Data.swift; sourceTree = "<group>"; };
		8FA6BABB1ED5BD48004450C0 /* TFConverter+Mappers.swift */ = {isa = PBXFileReference; fileEncoding = 4; lastKnownFileType = sourcecode.swift; path = "TFConverter+Mappers.swift"; sourceTree = "<group>"; };
		8FA6BABD1ED5BE94004450C0 /* TFGraph.swift */ = {isa = PBXFileReference; fileEncoding = 4; lastKnownFileType = sourcecode.swift; path = TFGraph.swift; sourceTree = "<group>"; };
		8FA6BABF1ED5BE9E004450C0 /* TFNode.swift */ = {isa = PBXFileReference; fileEncoding = 4; lastKnownFileType = sourcecode.swift; path = TFNode.swift; sourceTree = "<group>"; };
		8FA6BAC11ED5CFCE004450C0 /* TFInstanceNormOptimizer.swift */ = {isa = PBXFileReference; fileEncoding = 4; lastKnownFileType = sourcecode.swift; path = TFInstanceNormOptimizer.swift; sourceTree = "<group>"; };
		8FA8E31C1EC0AE5800E8BAD8 /* Identity.swift */ = {isa = PBXFileReference; fileEncoding = 4; lastKnownFileType = sourcecode.swift; path = Identity.swift; sourceTree = "<group>"; };
		8FA8E31E1EC0B2B100E8BAD8 /* Neuron.swift */ = {isa = PBXFileReference; fileEncoding = 4; lastKnownFileType = sourcecode.swift; path = Neuron.swift; sourceTree = "<group>"; };
		8FA8E3201EC0B8B500E8BAD8 /* BGRAtoRGBA.swift */ = {isa = PBXFileReference; fileEncoding = 4; lastKnownFileType = sourcecode.swift; path = BGRAtoRGBA.swift; sourceTree = "<group>"; };
		8FA8E32D1EC0FD8800E8BAD8 /* Start.swift */ = {isa = PBXFileReference; fileEncoding = 4; lastKnownFileType = sourcecode.swift; path = Start.swift; sourceTree = "<group>"; };
		8FA8E32F1EC0FE2700E8BAD8 /* Operators.swift */ = {isa = PBXFileReference; fileEncoding = 4; lastKnownFileType = sourcecode.swift; path = Operators.swift; sourceTree = "<group>"; };
		8FA983F51EBA70F200586D1B /* InstanceNorm.swift */ = {isa = PBXFileReference; fileEncoding = 4; lastKnownFileType = sourcecode.swift; path = InstanceNorm.swift; sourceTree = "<group>"; };
		8FA983FB1EBA70F900586D1B /* Convolution.swift */ = {isa = PBXFileReference; fileEncoding = 4; lastKnownFileType = sourcecode.swift; path = Convolution.swift; sourceTree = "<group>"; };
		8FA983FC1EBA70F900586D1B /* ConvTranspose.swift */ = {isa = PBXFileReference; fileEncoding = 4; lastKnownFileType = sourcecode.swift; path = ConvTranspose.swift; sourceTree = "<group>"; };
		8FA983FD1EBA70F900586D1B /* Crop.swift */ = {isa = PBXFileReference; fileEncoding = 4; lastKnownFileType = sourcecode.swift; path = Crop.swift; sourceTree = "<group>"; };
		8FA983FE1EBA70F900586D1B /* Scale.swift */ = {isa = PBXFileReference; fileEncoding = 4; lastKnownFileType = sourcecode.swift; path = Scale.swift; sourceTree = "<group>"; };
		8FA984001EBA70F900586D1B /* NetworkLayer.swift */ = {isa = PBXFileReference; fileEncoding = 4; lastKnownFileType = sourcecode.swift; path = NetworkLayer.swift; sourceTree = "<group>"; };
		8FA9840E1EBA710000586D1B /* conv_transpose.metal */ = {isa = PBXFileReference; fileEncoding = 4; lastKnownFileType = sourcecode.metal; path = conv_transpose.metal; sourceTree = "<group>"; };
		8FA984101EBA710000586D1B /* instanceNorm.metal */ = {isa = PBXFileReference; fileEncoding = 4; lastKnownFileType = sourcecode.metal; path = instanceNorm.metal; sourceTree = "<group>"; };
		8FA984111EBA710000586D1B /* instanceNorm3.metal */ = {isa = PBXFileReference; fileEncoding = 4; lastKnownFileType = sourcecode.metal; path = instanceNorm3.metal; sourceTree = "<group>"; };
		8FA984121EBA710000586D1B /* Shaders.metal */ = {isa = PBXFileReference; fileEncoding = 4; lastKnownFileType = sourcecode.metal; path = Shaders.metal; sourceTree = "<group>"; };
		8FA9841A1EBA723500586D1B /* Helpers.swift */ = {isa = PBXFileReference; fileEncoding = 4; lastKnownFileType = sourcecode.swift; path = Helpers.swift; sourceTree = "<group>"; };
		8FA9841C1EBA726B00586D1B /* Constants.swift */ = {isa = PBXFileReference; fileEncoding = 4; lastKnownFileType = sourcecode.swift; path = Constants.swift; sourceTree = "<group>"; };
		8FA9841E1EBA74D700586D1B /* ResidualLayer.swift */ = {isa = PBXFileReference; fileEncoding = 4; lastKnownFileType = sourcecode.swift; path = ResidualLayer.swift; sourceTree = "<group>"; };
		8FA984201EBA778900586D1B /* MTLTexture.swift */ = {isa = PBXFileReference; fileEncoding = 4; lastKnownFileType = sourcecode.swift; path = MTLTexture.swift; sourceTree = "<group>"; };
		8FA984231EBA77AE00586D1B /* MPSImageDescriptor.swift */ = {isa = PBXFileReference; fileEncoding = 4; lastKnownFileType = sourcecode.swift; path = MPSImageDescriptor.swift; sourceTree = "<group>"; };
		8FA984251EBA77E400586D1B /* LayerSize.swift */ = {isa = PBXFileReference; fileEncoding = 4; lastKnownFileType = sourcecode.swift; path = LayerSize.swift; sourceTree = "<group>"; };
		8FAB772B1ECC87E20050AB16 /* SwiftProtobuf.framework */ = {isa = PBXFileReference; lastKnownFileType = wrapper.framework; name = SwiftProtobuf.framework; path = Carthage/Build/iOS/SwiftProtobuf.framework; sourceTree = "<group>"; };
		8FAB772D1ECC8D6E0050AB16 /* TFGraphLoader.swift */ = {isa = PBXFileReference; fileEncoding = 4; lastKnownFileType = sourcecode.swift; path = TFGraphLoader.swift; sourceTree = "<group>"; };
		8FAB77381ECC993A0050AB16 /* Graph.swift */ = {isa = PBXFileReference; fileEncoding = 4; lastKnownFileType = sourcecode.swift; path = Graph.swift; sourceTree = "<group>"; };
		8FAB773C1ECC9B0F0050AB16 /* Node.swift */ = {isa = PBXFileReference; fileEncoding = 4; lastKnownFileType = sourcecode.swift; path = Node.swift; sourceTree = "<group>"; };
		8FAD35021ED47A97004B69DA /* TFDeleteSubgraph.swift */ = {isa = PBXFileReference; fileEncoding = 4; lastKnownFileType = sourcecode.swift; path = TFDeleteSubgraph.swift; sourceTree = "<group>"; };
		8FAD35081ED4C7B3004B69DA /* TFConvOptimizer.swift */ = {isa = PBXFileReference; fileEncoding = 4; lastKnownFileType = sourcecode.swift; path = TFConvOptimizer.swift; sourceTree = "<group>"; };
		8FC8F7AE1ED35396004DA113 /* TFDenseSubstitution.swift */ = {isa = PBXFileReference; fileEncoding = 4; lastKnownFileType = sourcecode.swift; path = TFDenseSubstitution.swift; sourceTree = "<group>"; };
		8FC8F7B31ED38164004DA113 /* TFDeleteOptimizers.swift */ = {isa = PBXFileReference; fileEncoding = 4; lastKnownFileType = sourcecode.swift; path = TFDeleteOptimizers.swift; sourceTree = "<group>"; };
		8FFF4AD61EDEFDB600141E9D /* Shape.swift */ = {isa = PBXFileReference; fileEncoding = 4; lastKnownFileType = sourcecode.swift; path = Shape.swift; sourceTree = "<group>"; };
		E832A0DD1EE8453800D7A5AA /* allocation_description.pb.swift */ = {isa = PBXFileReference; fileEncoding = 4; lastKnownFileType = sourcecode.swift; path = allocation_description.pb.swift; sourceTree = "<group>"; };
		E832A0DE1EE8453800D7A5AA /* api_objects.pb.swift */ = {isa = PBXFileReference; fileEncoding = 4; lastKnownFileType = sourcecode.swift; path = api_objects.pb.swift; sourceTree = "<group>"; };
		E832A0DF1EE8453800D7A5AA /* attr_value.pb.swift */ = {isa = PBXFileReference; fileEncoding = 4; lastKnownFileType = sourcecode.swift; path = attr_value.pb.swift; sourceTree = "<group>"; };
		E832A0E01EE8453800D7A5AA /* bigquery_table_partition.pb.swift */ = {isa = PBXFileReference; fileEncoding = 4; lastKnownFileType = sourcecode.swift; path = bigquery_table_partition.pb.swift; sourceTree = "<group>"; };
		E832A0E11EE8453800D7A5AA /* checkpoint_state.pb.swift */ = {isa = PBXFileReference; fileEncoding = 4; lastKnownFileType = sourcecode.swift; path = checkpoint_state.pb.swift; sourceTree = "<group>"; };
		E832A0E21EE8453800D7A5AA /* class_registration_test.pb.swift */ = {isa = PBXFileReference; fileEncoding = 4; lastKnownFileType = sourcecode.swift; path = class_registration_test.pb.swift; sourceTree = "<group>"; };
		E832A0E31EE8453800D7A5AA /* classification.pb.swift */ = {isa = PBXFileReference; fileEncoding = 4; lastKnownFileType = sourcecode.swift; path = classification.pb.swift; sourceTree = "<group>"; };
		E832A0E41EE8453800D7A5AA /* cluster.pb.swift */ = {isa = PBXFileReference; fileEncoding = 4; lastKnownFileType = sourcecode.swift; path = cluster.pb.swift; sourceTree = "<group>"; };
		E832A0E51EE8453800D7A5AA /* compare_test.pb.swift */ = {isa = PBXFileReference; fileEncoding = 4; lastKnownFileType = sourcecode.swift; path = compare_test.pb.swift; sourceTree = "<group>"; };
		E832A0E61EE8453800D7A5AA /* config.pb.swift */ = {isa = PBXFileReference; fileEncoding = 4; lastKnownFileType = sourcecode.swift; path = config.pb.swift; sourceTree = "<group>"; };
		E832A0E71EE8453800D7A5AA /* control_flow.pb.swift */ = {isa = PBXFileReference; fileEncoding = 4; lastKnownFileType = sourcecode.swift; path = control_flow.pb.swift; sourceTree = "<group>"; };
		E832A0E81EE8453800D7A5AA /* cost_graph.pb.swift */ = {isa = PBXFileReference; fileEncoding = 4; lastKnownFileType = sourcecode.swift; path = cost_graph.pb.swift; sourceTree = "<group>"; };
		E832A0E91EE8453800D7A5AA /* cpp_shape_inference.pb.swift */ = {isa = PBXFileReference; fileEncoding = 4; lastKnownFileType = sourcecode.swift; path = cpp_shape_inference.pb.swift; sourceTree = "<group>"; };
		E832A0EA1EE8453800D7A5AA /* debug.pb.swift */ = {isa = PBXFileReference; fileEncoding = 4; lastKnownFileType = sourcecode.swift; path = debug.pb.swift; sourceTree = "<group>"; };
		E832A0EB1EE8453800D7A5AA /* debug_service.pb.swift */ = {isa = PBXFileReference; fileEncoding = 4; lastKnownFileType = sourcecode.swift; path = debug_service.pb.swift; sourceTree = "<group>"; };
		E832A0EC1EE8453800D7A5AA /* device_attributes.pb.swift */ = {isa = PBXFileReference; fileEncoding = 4; lastKnownFileType = sourcecode.swift; path = device_attributes.pb.swift; sourceTree = "<group>"; };
		E832A0ED1EE8453800D7A5AA /* device_properties.pb.swift */ = {isa = PBXFileReference; fileEncoding = 4; lastKnownFileType = sourcecode.swift; path = device_properties.pb.swift; sourceTree = "<group>"; };
		E832A0EE1EE8453800D7A5AA /* error_codes.pb.swift */ = {isa = PBXFileReference; fileEncoding = 4; lastKnownFileType = sourcecode.swift; path = error_codes.pb.swift; sourceTree = "<group>"; };
		E832A0EF1EE8453800D7A5AA /* event.pb.swift */ = {isa = PBXFileReference; fileEncoding = 4; lastKnownFileType = sourcecode.swift; path = event.pb.swift; sourceTree = "<group>"; };
		E832A0F01EE8453800D7A5AA /* example.pb.swift */ = {isa = PBXFileReference; fileEncoding = 4; lastKnownFileType = sourcecode.swift; path = example.pb.swift; sourceTree = "<group>"; };
		E832A0F11EE8453800D7A5AA /* example_parser_configuration.pb.swift */ = {isa = PBXFileReference; fileEncoding = 4; lastKnownFileType = sourcecode.swift; path = example_parser_configuration.pb.swift; sourceTree = "<group>"; };
		E832A0F21EE8453800D7A5AA /* example_proto_fast_parsing_test.pb.swift */ = {isa = PBXFileReference; fileEncoding = 4; lastKnownFileType = sourcecode.swift; path = example_proto_fast_parsing_test.pb.swift; sourceTree = "<group>"; };
		E832A0F31EE8453800D7A5AA /* fake_loader_source_adapter.pb.swift */ = {isa = PBXFileReference; fileEncoding = 4; lastKnownFileType = sourcecode.swift; path = fake_loader_source_adapter.pb.swift; sourceTree = "<group>"; };
		E832A0F41EE8453800D7A5AA /* feature.pb.swift */ = {isa = PBXFileReference; fileEncoding = 4; lastKnownFileType = sourcecode.swift; path = feature.pb.swift; sourceTree = "<group>"; };
		E832A0F51EE8453800D7A5AA /* file_system_storage_path_source.pb.swift */ = {isa = PBXFileReference; fileEncoding = 4; lastKnownFileType = sourcecode.swift; path = file_system_storage_path_source.pb.swift; sourceTree = "<group>"; };
		E832A0F61EE8453800D7A5AA /* function.pb.swift */ = {isa = PBXFileReference; fileEncoding = 4; lastKnownFileType = sourcecode.swift; path = function.pb.swift; sourceTree = "<group>"; };
		E832A0F71EE8453800D7A5AA /* generator.pb.swift */ = {isa = PBXFileReference; fileEncoding = 4; lastKnownFileType = sourcecode.swift; path = generator.pb.swift; sourceTree = "<group>"; };
		E832A0F81EE8453800D7A5AA /* get_model_metadata.pb.swift */ = {isa = PBXFileReference; fileEncoding = 4; lastKnownFileType = sourcecode.swift; path = get_model_metadata.pb.swift; sourceTree = "<group>"; };
		E832A0F91EE8453800D7A5AA /* graph.pb.swift */ = {isa = PBXFileReference; fileEncoding = 4; lastKnownFileType = sourcecode.swift; path = graph.pb.swift; sourceTree = "<group>"; };
		E832A0FA1EE8453800D7A5AA /* graph_explorer.pb.swift */ = {isa = PBXFileReference; fileEncoding = 4; lastKnownFileType = sourcecode.swift; path = graph_explorer.pb.swift; sourceTree = "<group>"; };
		E832A0FB1EE8453800D7A5AA /* graph_transfer_info.pb.swift */ = {isa = PBXFileReference; fileEncoding = 4; lastKnownFileType = sourcecode.swift; path = graph_transfer_info.pb.swift; sourceTree = "<group>"; };
		E832A0FC1EE8453800D7A5AA /* hashmap_source_adapter.pb.swift */ = {isa = PBXFileReference; fileEncoding = 4; lastKnownFileType = sourcecode.swift; path = hashmap_source_adapter.pb.swift; sourceTree = "<group>"; };
		E832A0FD1EE8453800D7A5AA /* hlo.pb.swift */ = {isa = PBXFileReference; fileEncoding = 4; lastKnownFileType = sourcecode.swift; path = hlo.pb.swift; sourceTree = "<group>"; };
		E832A0FE1EE8453800D7A5AA /* hparam.pb.swift */ = {isa = PBXFileReference; fileEncoding = 4; lastKnownFileType = sourcecode.swift; path = hparam.pb.swift; sourceTree = "<group>"; };
		E832A0FF1EE8453800D7A5AA /* inference.pb.swift */ = {isa = PBXFileReference; fileEncoding = 4; lastKnownFileType = sourcecode.swift; path = inference.pb.swift; sourceTree = "<group>"; };
		E832A1001EE8453800D7A5AA /* input.pb.swift */ = {isa = PBXFileReference; fileEncoding = 4; lastKnownFileType = sourcecode.swift; path = input.pb.swift; sourceTree = "<group>"; };
		E832A1011EE8453800D7A5AA /* kernel_def.pb.swift */ = {isa = PBXFileReference; fileEncoding = 4; lastKnownFileType = sourcecode.swift; path = kernel_def.pb.swift; sourceTree = "<group>"; };
		E832A1021EE8453800D7A5AA /* learner.pb.swift */ = {isa = PBXFileReference; fileEncoding = 4; lastKnownFileType = sourcecode.swift; path = learner.pb.swift; sourceTree = "<group>"; };
		E832A1031EE8453800D7A5AA /* log_collector_config.pb.swift */ = {isa = PBXFileReference; fileEncoding = 4; lastKnownFileType = sourcecode.swift; path = log_collector_config.pb.swift; sourceTree = "<group>"; };
		E832A1041EE8453800D7A5AA /* log_memory.pb.swift */ = {isa = PBXFileReference; fileEncoding = 4; lastKnownFileType = sourcecode.swift; path = log_memory.pb.swift; sourceTree = "<group>"; };
		E832A1051EE8453800D7A5AA /* logging.pb.swift */ = {isa = PBXFileReference; fileEncoding = 4; lastKnownFileType = sourcecode.swift; path = logging.pb.swift; sourceTree = "<group>"; };
		E832A1061EE8453800D7A5AA /* logging_config.pb.swift */ = {isa = PBXFileReference; fileEncoding = 4; lastKnownFileType = sourcecode.swift; path = logging_config.pb.swift; sourceTree = "<group>"; };
		E832A1071EE8453800D7A5AA /* manifest.pb.swift */ = {isa = PBXFileReference; fileEncoding = 4; lastKnownFileType = sourcecode.swift; path = manifest.pb.swift; sourceTree = "<group>"; };
		E832A1081EE8453800D7A5AA /* master.pb.swift */ = {isa = PBXFileReference; fileEncoding = 4; lastKnownFileType = sourcecode.swift; path = master.pb.swift; sourceTree = "<group>"; };
		E832A1091EE8453800D7A5AA /* master_service.pb.swift */ = {isa = PBXFileReference; fileEncoding = 4; lastKnownFileType = sourcecode.swift; path = master_service.pb.swift; sourceTree = "<group>"; };
		E832A10A1EE8453800D7A5AA /* memmapped_file_system.pb.swift */ = {isa = PBXFileReference; fileEncoding = 4; lastKnownFileType = sourcecode.swift; path = memmapped_file_system.pb.swift; sourceTree = "<group>"; };
		E832A10B1EE8453800D7A5AA /* meta_graph.pb.swift */ = {isa = PBXFileReference; fileEncoding = 4; lastKnownFileType = sourcecode.swift; path = meta_graph.pb.swift; sourceTree = "<group>"; };
		E832A10C1EE8453800D7A5AA /* model.pb.swift */ = {isa = PBXFileReference; fileEncoding = 4; lastKnownFileType = sourcecode.swift; path = model.pb.swift; sourceTree = "<group>"; };
		E832A10D1EE8453800D7A5AA /* model_server_config.pb.swift */ = {isa = PBXFileReference; fileEncoding = 4; lastKnownFileType = sourcecode.swift; path = model_server_config.pb.swift; sourceTree = "<group>"; };
		E832A10E1EE8453800D7A5AA /* mpi_msg.pb.swift */ = {isa = PBXFileReference; fileEncoding = 4; lastKnownFileType = sourcecode.swift; path = mpi_msg.pb.swift; sourceTree = "<group>"; };
		E832A10F1EE8453800D7A5AA /* music.pb.swift */ = {isa = PBXFileReference; fileEncoding = 4; lastKnownFileType = sourcecode.swift; path = music.pb.swift; sourceTree = "<group>"; };
		E832A1101EE8453800D7A5AA /* named_tensor.pb.swift */ = {isa = PBXFileReference; fileEncoding = 4; lastKnownFileType = sourcecode.swift; path = named_tensor.pb.swift; sourceTree = "<group>"; };
		E832A1111EE8453800D7A5AA /* node_def.pb.swift */ = {isa = PBXFileReference; fileEncoding = 4; lastKnownFileType = sourcecode.swift; path = node_def.pb.swift; sourceTree = "<group>"; };
		E832A1121EE8453800D7A5AA /* op_def.pb.swift */ = {isa = PBXFileReference; fileEncoding = 4; lastKnownFileType = sourcecode.swift; path = op_def.pb.swift; sourceTree = "<group>"; };
		E832A1131EE8453800D7A5AA /* op_gen_overrides.pb.swift */ = {isa = PBXFileReference; fileEncoding = 4; lastKnownFileType = sourcecode.swift; path = op_gen_overrides.pb.swift; sourceTree = "<group>"; };
		E832A1141EE8453800D7A5AA /* op_performance_data.pb.swift */ = {isa = PBXFileReference; fileEncoding = 4; lastKnownFileType = sourcecode.swift; path = op_performance_data.pb.swift; sourceTree = "<group>"; };
		E832A1151EE8453800D7A5AA /* platform_config.pb.swift */ = {isa = PBXFileReference; fileEncoding = 4; lastKnownFileType = sourcecode.swift; path = platform_config.pb.swift; sourceTree = "<group>"; };
		E832A1161EE8453800D7A5AA /* predict.pb.swift */ = {isa = PBXFileReference; fileEncoding = 4; lastKnownFileType = sourcecode.swift; path = predict.pb.swift; sourceTree = "<group>"; };
		E832A1171EE8453800D7A5AA /* prediction_service.pb.swift */ = {isa = PBXFileReference; fileEncoding = 4; lastKnownFileType = sourcecode.swift; path = prediction_service.pb.swift; sourceTree = "<group>"; };
		E832A1181EE8453800D7A5AA /* projector_config.pb.swift */ = {isa = PBXFileReference; fileEncoding = 4; lastKnownFileType = sourcecode.swift; path = projector_config.pb.swift; sourceTree = "<group>"; };
		E832A1191EE8453800D7A5AA /* quantiles.pb.swift */ = {isa = PBXFileReference; fileEncoding = 4; lastKnownFileType = sourcecode.swift; path = quantiles.pb.swift; sourceTree = "<group>"; };
		E832A11A1EE8453800D7A5AA /* queue_runner.pb.swift */ = {isa = PBXFileReference; fileEncoding = 4; lastKnownFileType = sourcecode.swift; path = queue_runner.pb.swift; sourceTree = "<group>"; };
		E832A11B1EE8453800D7A5AA /* reader_base.pb.swift */ = {isa = PBXFileReference; fileEncoding = 4; lastKnownFileType = sourcecode.swift; path = reader_base.pb.swift; sourceTree = "<group>"; };
		E832A11C1EE8453800D7A5AA /* regression.pb.swift */ = {isa = PBXFileReference; fileEncoding = 4; lastKnownFileType = sourcecode.swift; path = regression.pb.swift; sourceTree = "<group>"; };
		E832A11D1EE8453800D7A5AA /* remote_fused_graph_execute_info.pb.swift */ = {isa = PBXFileReference; fileEncoding = 4; lastKnownFileType = sourcecode.swift; path = remote_fused_graph_execute_info.pb.swift; sourceTree = "<group>"; };
		E832A11E1EE8453800D7A5AA /* resource_handle.pb.swift */ = {isa = PBXFileReference; fileEncoding = 4; lastKnownFileType = sourcecode.swift; path = resource_handle.pb.swift; sourceTree = "<group>"; };
		E832A11F1EE8453800D7A5AA /* resources.pb.swift */ = {isa = PBXFileReference; fileEncoding = 4; lastKnownFileType = sourcecode.swift; path = resources.pb.swift; sourceTree = "<group>"; };
		E832A1201EE8453800D7A5AA /* rewriter_config.pb.swift */ = {isa = PBXFileReference; fileEncoding = 4; lastKnownFileType = sourcecode.swift; path = rewriter_config.pb.swift; sourceTree = "<group>"; };
		E832A1211EE8453800D7A5AA /* saved_model.pb.swift */ = {isa = PBXFileReference; fileEncoding = 4; lastKnownFileType = sourcecode.swift; path = saved_model.pb.swift; sourceTree = "<group>"; };
		E832A1221EE8453800D7A5AA /* saved_model_bundle_source_adapter.pb.swift */ = {isa = PBXFileReference; fileEncoding = 4; lastKnownFileType = sourcecode.swift; path = saved_model_bundle_source_adapter.pb.swift; sourceTree = "<group>"; };
		E832A1231EE8453800D7A5AA /* saved_tensor_slice.pb.swift */ = {isa = PBXFileReference; fileEncoding = 4; lastKnownFileType = sourcecode.swift; path = saved_tensor_slice.pb.swift; sourceTree = "<group>"; };
		E832A1241EE8453800D7A5AA /* saver.pb.swift */ = {isa = PBXFileReference; fileEncoding = 4; lastKnownFileType = sourcecode.swift; path = saver.pb.swift; sourceTree = "<group>"; };
		E832A1251EE8453800D7A5AA /* serialized_input.pb.swift */ = {isa = PBXFileReference; fileEncoding = 4; lastKnownFileType = sourcecode.swift; path = serialized_input.pb.swift; sourceTree = "<group>"; };
		E832A1261EE8453800D7A5AA /* session.pb.swift */ = {isa = PBXFileReference; fileEncoding = 4; lastKnownFileType = sourcecode.swift; path = session.pb.swift; sourceTree = "<group>"; };
		E832A1271EE8453800D7A5AA /* session_bundle_config.pb.swift */ = {isa = PBXFileReference; fileEncoding = 4; lastKnownFileType = sourcecode.swift; path = session_bundle_config.pb.swift; sourceTree = "<group>"; };
		E832A1281EE8453800D7A5AA /* session_bundle_source_adapter.pb.swift */ = {isa = PBXFileReference; fileEncoding = 4; lastKnownFileType = sourcecode.swift; path = session_bundle_source_adapter.pb.swift; sourceTree = "<group>"; };
		E832A1291EE8453800D7A5AA /* static_storage_path_source.pb.swift */ = {isa = PBXFileReference; fileEncoding = 4; lastKnownFileType = sourcecode.swift; path = static_storage_path_source.pb.swift; sourceTree = "<group>"; };
		E832A12A1EE8453800D7A5AA /* step_stats.pb.swift */ = {isa = PBXFileReference; fileEncoding = 4; lastKnownFileType = sourcecode.swift; path = step_stats.pb.swift; sourceTree = "<group>"; };
		E832A12B1EE8453800D7A5AA /* storage_path_error_injecting_source_adapter.pb.swift */ = {isa = PBXFileReference; fileEncoding = 4; lastKnownFileType = sourcecode.swift; path = storage_path_error_injecting_source_adapter.pb.swift; sourceTree = "<group>"; };
		E832A12C1EE8453800D7A5AA /* summary.pb.swift */ = {isa = PBXFileReference; fileEncoding = 4; lastKnownFileType = sourcecode.swift; path = summary.pb.swift; sourceTree = "<group>"; };
		E832A12D1EE8453800D7A5AA /* tensor.pb.swift */ = {isa = PBXFileReference; fileEncoding = 4; lastKnownFileType = sourcecode.swift; path = tensor.pb.swift; sourceTree = "<group>"; };
		E832A12E1EE8453800D7A5AA /* tensor_bundle.pb.swift */ = {isa = PBXFileReference; fileEncoding = 4; lastKnownFileType = sourcecode.swift; path = tensor_bundle.pb.swift; sourceTree = "<group>"; };
		E832A12F1EE8453800D7A5AA /* tensor_description.pb.swift */ = {isa = PBXFileReference; fileEncoding = 4; lastKnownFileType = sourcecode.swift; path = tensor_description.pb.swift; sourceTree = "<group>"; };
		E832A1301EE8453800D7A5AA /* tensor_shape.pb.swift */ = {isa = PBXFileReference; fileEncoding = 4; lastKnownFileType = sourcecode.swift; path = tensor_shape.pb.swift; sourceTree = "<group>"; };
		E832A1311EE8453800D7A5AA /* tensor_slice.pb.swift */ = {isa = PBXFileReference; fileEncoding = 4; lastKnownFileType = sourcecode.swift; path = tensor_slice.pb.swift; sourceTree = "<group>"; };
		E832A1321EE8453800D7A5AA /* tensorflow_server.pb.swift */ = {isa = PBXFileReference; fileEncoding = 4; lastKnownFileType = sourcecode.swift; path = tensorflow_server.pb.swift; sourceTree = "<group>"; };
		E832A1331EE8453800D7A5AA /* test.pb.swift */ = {isa = PBXFileReference; fileEncoding = 4; lastKnownFileType = sourcecode.swift; path = test.pb.swift; sourceTree = "<group>"; };
		E832A1341EE8453800D7A5AA /* test_log.pb.swift */ = {isa = PBXFileReference; fileEncoding = 4; lastKnownFileType = sourcecode.swift; path = test_log.pb.swift; sourceTree = "<group>"; };
		E832A1351EE8453800D7A5AA /* tfcompile.pb.swift */ = {isa = PBXFileReference; fileEncoding = 4; lastKnownFileType = sourcecode.swift; path = tfcompile.pb.swift; sourceTree = "<group>"; };
		E832A1361EE8453800D7A5AA /* tfprof_log.pb.swift */ = {isa = PBXFileReference; fileEncoding = 4; lastKnownFileType = sourcecode.swift; path = tfprof_log.pb.swift; sourceTree = "<group>"; };
		E832A1371EE8453800D7A5AA /* tfprof_options.pb.swift */ = {isa = PBXFileReference; fileEncoding = 4; lastKnownFileType = sourcecode.swift; path = tfprof_options.pb.swift; sourceTree = "<group>"; };
		E832A1381EE8453800D7A5AA /* tfprof_output.pb.swift */ = {isa = PBXFileReference; fileEncoding = 4; lastKnownFileType = sourcecode.swift; path = tfprof_output.pb.swift; sourceTree = "<group>"; };
		E832A1391EE8453800D7A5AA /* trace_info.pb.swift */ = {isa = PBXFileReference; fileEncoding = 4; lastKnownFileType = sourcecode.swift; path = trace_info.pb.swift; sourceTree = "<group>"; };
		E832A13A1EE8453800D7A5AA /* tree_config.pb.swift */ = {isa = PBXFileReference; fileEncoding = 4; lastKnownFileType = sourcecode.swift; path = tree_config.pb.swift; sourceTree = "<group>"; };
		E832A13B1EE8453800D7A5AA /* types.pb.swift */ = {isa = PBXFileReference; fileEncoding = 4; lastKnownFileType = sourcecode.swift; path = types.pb.swift; sourceTree = "<group>"; };
		E832A13C1EE8453800D7A5AA /* variable.pb.swift */ = {isa = PBXFileReference; fileEncoding = 4; lastKnownFileType = sourcecode.swift; path = variable.pb.swift; sourceTree = "<group>"; };
		E832A13D1EE8453800D7A5AA /* verbs_service.pb.swift */ = {isa = PBXFileReference; fileEncoding = 4; lastKnownFileType = sourcecode.swift; path = verbs_service.pb.swift; sourceTree = "<group>"; };
		E832A13E1EE8453800D7A5AA /* versions.pb.swift */ = {isa = PBXFileReference; fileEncoding = 4; lastKnownFileType = sourcecode.swift; path = versions.pb.swift; sourceTree = "<group>"; };
		E832A13F1EE8453800D7A5AA /* worker.pb.swift */ = {isa = PBXFileReference; fileEncoding = 4; lastKnownFileType = sourcecode.swift; path = worker.pb.swift; sourceTree = "<group>"; };
		E832A1401EE8453800D7A5AA /* worker_service.pb.swift */ = {isa = PBXFileReference; fileEncoding = 4; lastKnownFileType = sourcecode.swift; path = worker_service.pb.swift; sourceTree = "<group>"; };
		E832A1411EE8453800D7A5AA /* xla.pb.swift */ = {isa = PBXFileReference; fileEncoding = 4; lastKnownFileType = sourcecode.swift; path = xla.pb.swift; sourceTree = "<group>"; };
		E832A1421EE8453800D7A5AA /* xla_data.pb.swift */ = {isa = PBXFileReference; fileEncoding = 4; lastKnownFileType = sourcecode.swift; path = xla_data.pb.swift; sourceTree = "<group>"; };
/* End PBXFileReference section */

/* Begin PBXFrameworksBuildPhase section */
		28F828791C494B2C00330CF4 /* Frameworks */ = {
			isa = PBXFrameworksBuildPhase;
			buildActionMask = 2147483647;
			files = (
				8FC2B3A51EE5D9B80038E582 /* SwiftProtobuf.framework in Frameworks */,
			);
			runOnlyForDeploymentPostprocessing = 0;
		};
/* End PBXFrameworksBuildPhase section */

/* Begin PBXGroup section */
		28F828731C494B2C00330CF4 = {
			isa = PBXGroup;
			children = (
				28F828971C494B4200330CF4 /* Sources */,
				28F8287E1C494B2C00330CF4 /* Products */,
				8FAB772A1ECC87E20050AB16 /* Frameworks */,
			);
			sourceTree = "<group>";
		};
		28F8287E1C494B2C00330CF4 /* Products */ = {
			isa = PBXGroup;
			children = (
				28F8287D1C494B2C00330CF4 /* Bender.framework */,
			);
			name = Products;
			sourceTree = "<group>";
		};
		28F828971C494B4200330CF4 /* Sources */ = {
			isa = PBXGroup;
			children = (
				8FAB77171ECC85CF0050AB16 /* Adapters */,
				8FAB77371ECC991B0050AB16 /* Graph */,
				8FA984191EBA71D500586D1B /* Helpers */,
				8FA983F41EBA70BF00586D1B /* Metal Shaders */,
				8FA983F31EBA70B800586D1B /* Layers */,
				8FA983F21EBA70A400586D1B /* Core */,
				28F828801C494B2C00330CF4 /* Bender.h */,
				28F828821C494B2C00330CF4 /* Info.plist */,
			);
			path = Sources;
			sourceTree = "<group>";
		};
		8F0669B51EC373F7009F5C7C /* MetalShaderManager */ = {
			isa = PBXGroup;
			children = (
				8F3DE15C1EBB9ACC00D81949 /* MetalShaderManager.swift */,
				8F0669B01EC364A3009F5C7C /* PALFunctionConstant.swift */,
				8F0669B21EC36672009F5C7C /* ComputePipelineDef.swift */,
			);
			name = MetalShaderManager;
			sourceTree = "<group>";
		};
		8F0669B81EC3A304009F5C7C /* Parameter Loader */ = {
			isa = PBXGroup;
			children = (
				8F0669B61EC37424009F5C7C /* ParameterLoader.swift */,
				8F0669B91EC3A31B009F5C7C /* PerLayerBinaryLoader.swift */,
				8F0669BB1EC3A4C1009F5C7C /* SingleBinaryLoader.swift */,
			);
			name = "Parameter Loader";
			sourceTree = "<group>";
		};
		8F4466D71ECF82EC00915819 /* Helpers */ = {
			isa = PBXGroup;
			children = (
				8F94C53E1ECE256100D5E0E6 /* String+TFParsing.swift */,
				8F4466CD1ECF5F8E00915819 /* TFWeightData.swift */,
				8F4466D81ECF831300915819 /* ProtoExtensions.swift */,
			);
			name = Helpers;
			sourceTree = "<group>";
		};
		8F94C53B1ECE1DAA00D5E0E6 /* Optimizers */ = {
			isa = PBXGroup;
			children = (
				8FAD35081ED4C7B3004B69DA /* TFConvOptimizer.swift */,
				8FC8F7B31ED38164004DA113 /* TFDeleteOptimizers.swift */,
				8FAD35021ED47A97004B69DA /* TFDeleteSubgraph.swift */,
				8FC8F7AE1ED35396004DA113 /* TFDenseSubstitution.swift */,
				8FA6BAC11ED5CFCE004450C0 /* TFInstanceNormOptimizer.swift */,
				8F94C53C1ECE1DD000D5E0E6 /* TFVariableProcessor.swift */,
				8F8856581EE05C9E006140B3 /* TFReshapeOptimizer.swift */,
			);
			name = Optimizers;
			sourceTree = "<group>";
		};
		8FA983F21EBA70A400586D1B /* Core */ = {
			isa = PBXGroup;
			children = (
				8F0669B81EC3A304009F5C7C /* Parameter Loader */,
				8F0669B51EC373F7009F5C7C /* MetalShaderManager */,
				8F79B7FF1EC233A8002D02C8 /* ActivationNeuronType.swift */,
				8F3DE1591EBB962200D81949 /* Network.swift */,
				8FA984001EBA70F900586D1B /* NetworkLayer.swift */,
				8FA8E32F1EC0FE2700E8BAD8 /* Operators.swift */,
				8F60A31C1EC4E6E400296167 /* PaddingType.swift */,
			);
			path = Core;
			sourceTree = "<group>";
		};
		8FA983F31EBA70B800586D1B /* Layers */ = {
			isa = PBXGroup;
			children = (
				8F3DE15E1EBBD0C700D81949 /* Add.swift */,
				8FA8E3201EC0B8B500E8BAD8 /* BGRAtoRGBA.swift */,
				8FA983FB1EBA70F900586D1B /* Convolution.swift */,
				8FA983FC1EBA70F900586D1B /* ConvTranspose.swift */,
				8FA983FD1EBA70F900586D1B /* Crop.swift */,
				8F79B8071EC248CD002D02C8 /* Dummy.swift */,
				8F60A31E1EC4F16200296167 /* FullyConnected.swift */,
				8FA8E31C1EC0AE5800E8BAD8 /* Identity.swift */,
				8F60A3131EC4D04E00296167 /* ImageLinearTransform.swift */,
				8FA983F51EBA70F200586D1B /* InstanceNorm.swift */,
				8F60A3191EC4DBE800296167 /* Pooling.swift */,
				8FA8E31E1EC0B2B100E8BAD8 /* Neuron.swift */,
				8FA9841E1EBA74D700586D1B /* ResidualLayer.swift */,
				8FA983FE1EBA70F900586D1B /* Scale.swift */,
				8F60A3201EC4F9CD00296167 /* Softmax.swift */,
				8FA8E32D1EC0FD8800E8BAD8 /* Start.swift */,
				8F60A3221EC4FA7A00296167 /* SpatialNorm.swift */,
				4697C21A1ED35E50003ED2E9 /* LocalResponseNorm.swift */,
			);
			path = Layers;
			sourceTree = "<group>";
		};
		8FA983F41EBA70BF00586D1B /* Metal Shaders */ = {
			isa = PBXGroup;
			children = (
				8FA9840E1EBA710000586D1B /* conv_transpose.metal */,
				8FA984101EBA710000586D1B /* instanceNorm.metal */,
				8FA984111EBA710000586D1B /* instanceNorm3.metal */,
				8FA984121EBA710000586D1B /* Shaders.metal */,
				4697C2181ED31F8D003ED2E9 /* local_response_norm.metal */,
			);
			name = "Metal Shaders";
			path = Metal;
			sourceTree = "<group>";
		};
		8FA984191EBA71D500586D1B /* Helpers */ = {
			isa = PBXGroup;
			children = (
				8FA984221EBA778C00586D1B /* Extensions */,
				8FA9841C1EBA726B00586D1B /* Constants.swift */,
				8FA9841A1EBA723500586D1B /* Helpers.swift */,
				8FA984251EBA77E400586D1B /* LayerSize.swift */,
				8F94C5401ECE262800D5E0E6 /* Regex.swift */,
				8FFF4AD61EDEFDB600141E9D /* Shape.swift */,
			);
			path = Helpers;
			sourceTree = "<group>";
		};
		8FA984221EBA778C00586D1B /* Extensions */ = {
			isa = PBXGroup;
			children = (
				8FA984201EBA778900586D1B /* MTLTexture.swift */,
				8FA984231EBA77AE00586D1B /* MPSImageDescriptor.swift */,
				8F79B8091EC2514A002D02C8 /* MTLDevice.swift */,
				8F9F35841EDC83CE005F4DAE /* Data.swift */,
			);
			name = Extensions;
			sourceTree = "<group>";
		};
		8FAB77171ECC85CF0050AB16 /* Adapters */ = {
			isa = PBXGroup;
			children = (
				8F94C52F1ECE042400D5E0E6 /* Converter.swift */,
				8FAB77181ECC85EC0050AB16 /* Tensorflow */,
			);
			path = Adapters;
			sourceTree = "<group>";
		};
		8FAB77181ECC85EC0050AB16 /* Tensorflow */ = {
			isa = PBXGroup;
			children = (
				E832A0DC1EE8453800D7A5AA /* protos */,
				8F4466D71ECF82EC00915819 /* Helpers */,
				8F94C53B1ECE1DAA00D5E0E6 /* Optimizers */,
				8F94C5311ECE0B8400D5E0E6 /* TFConverter.swift */,
				8FA6BABB1ED5BD48004450C0 /* TFConverter+Mappers.swift */,
				8FA6BABD1ED5BE94004450C0 /* TFGraph.swift */,
				8FAB772D1ECC8D6E0050AB16 /* TFGraphLoader.swift */,
				8FA6BABF1ED5BE9E004450C0 /* TFNode.swift */,
				8F94C5331ECE0DC600D5E0E6 /* TFOptimizer.swift */,
			);
			path = Tensorflow;
			sourceTree = "<group>";
		};
		8FAB772A1ECC87E20050AB16 /* Frameworks */ = {
			isa = PBXGroup;
			children = (
				8FAB772B1ECC87E20050AB16 /* SwiftProtobuf.framework */,
			);
			name = Frameworks;
			sourceTree = "<group>";
		};
		8FAB77371ECC991B0050AB16 /* Graph */ = {
			isa = PBXGroup;
			children = (
				8FAB77381ECC993A0050AB16 /* Graph.swift */,
				8FAB773C1ECC9B0F0050AB16 /* Node.swift */,
			);
			path = Graph;
			sourceTree = "<group>";
		};
		E832A0DC1EE8453800D7A5AA /* protos */ = {
			isa = PBXGroup;
			children = (
				E832A0DD1EE8453800D7A5AA /* allocation_description.pb.swift */,
				E832A0DE1EE8453800D7A5AA /* api_objects.pb.swift */,
				E832A0DF1EE8453800D7A5AA /* attr_value.pb.swift */,
				E832A0E01EE8453800D7A5AA /* bigquery_table_partition.pb.swift */,
				E832A0E11EE8453800D7A5AA /* checkpoint_state.pb.swift */,
				E832A0E21EE8453800D7A5AA /* class_registration_test.pb.swift */,
				E832A0E31EE8453800D7A5AA /* classification.pb.swift */,
				E832A0E41EE8453800D7A5AA /* cluster.pb.swift */,
				E832A0E51EE8453800D7A5AA /* compare_test.pb.swift */,
				E832A0E61EE8453800D7A5AA /* config.pb.swift */,
				E832A0E71EE8453800D7A5AA /* control_flow.pb.swift */,
				E832A0E81EE8453800D7A5AA /* cost_graph.pb.swift */,
				E832A0E91EE8453800D7A5AA /* cpp_shape_inference.pb.swift */,
				E832A0EA1EE8453800D7A5AA /* debug.pb.swift */,
				E832A0EB1EE8453800D7A5AA /* debug_service.pb.swift */,
				E832A0EC1EE8453800D7A5AA /* device_attributes.pb.swift */,
				E832A0ED1EE8453800D7A5AA /* device_properties.pb.swift */,
				E832A0EE1EE8453800D7A5AA /* error_codes.pb.swift */,
				E832A0EF1EE8453800D7A5AA /* event.pb.swift */,
				E832A0F01EE8453800D7A5AA /* example.pb.swift */,
				E832A0F11EE8453800D7A5AA /* example_parser_configuration.pb.swift */,
				E832A0F21EE8453800D7A5AA /* example_proto_fast_parsing_test.pb.swift */,
				E832A0F31EE8453800D7A5AA /* fake_loader_source_adapter.pb.swift */,
				E832A0F41EE8453800D7A5AA /* feature.pb.swift */,
				E832A0F51EE8453800D7A5AA /* file_system_storage_path_source.pb.swift */,
				E832A0F61EE8453800D7A5AA /* function.pb.swift */,
				E832A0F71EE8453800D7A5AA /* generator.pb.swift */,
				E832A0F81EE8453800D7A5AA /* get_model_metadata.pb.swift */,
				E832A0F91EE8453800D7A5AA /* graph.pb.swift */,
				E832A0FA1EE8453800D7A5AA /* graph_explorer.pb.swift */,
				E832A0FB1EE8453800D7A5AA /* graph_transfer_info.pb.swift */,
				E832A0FC1EE8453800D7A5AA /* hashmap_source_adapter.pb.swift */,
				E832A0FD1EE8453800D7A5AA /* hlo.pb.swift */,
				E832A0FE1EE8453800D7A5AA /* hparam.pb.swift */,
				E832A0FF1EE8453800D7A5AA /* inference.pb.swift */,
				E832A1001EE8453800D7A5AA /* input.pb.swift */,
				E832A1011EE8453800D7A5AA /* kernel_def.pb.swift */,
				E832A1021EE8453800D7A5AA /* learner.pb.swift */,
				E832A1031EE8453800D7A5AA /* log_collector_config.pb.swift */,
				E832A1041EE8453800D7A5AA /* log_memory.pb.swift */,
				E832A1051EE8453800D7A5AA /* logging.pb.swift */,
				E832A1061EE8453800D7A5AA /* logging_config.pb.swift */,
				E832A1071EE8453800D7A5AA /* manifest.pb.swift */,
				E832A1081EE8453800D7A5AA /* master.pb.swift */,
				E832A1091EE8453800D7A5AA /* master_service.pb.swift */,
				E832A10A1EE8453800D7A5AA /* memmapped_file_system.pb.swift */,
				E832A10B1EE8453800D7A5AA /* meta_graph.pb.swift */,
				E832A10C1EE8453800D7A5AA /* model.pb.swift */,
				E832A10D1EE8453800D7A5AA /* model_server_config.pb.swift */,
				E832A10E1EE8453800D7A5AA /* mpi_msg.pb.swift */,
				E832A10F1EE8453800D7A5AA /* music.pb.swift */,
				E832A1101EE8453800D7A5AA /* named_tensor.pb.swift */,
				E832A1111EE8453800D7A5AA /* node_def.pb.swift */,
				E832A1121EE8453800D7A5AA /* op_def.pb.swift */,
				E832A1131EE8453800D7A5AA /* op_gen_overrides.pb.swift */,
				E832A1141EE8453800D7A5AA /* op_performance_data.pb.swift */,
				E832A1151EE8453800D7A5AA /* platform_config.pb.swift */,
				E832A1161EE8453800D7A5AA /* predict.pb.swift */,
				E832A1171EE8453800D7A5AA /* prediction_service.pb.swift */,
				E832A1181EE8453800D7A5AA /* projector_config.pb.swift */,
				E832A1191EE8453800D7A5AA /* quantiles.pb.swift */,
				E832A11A1EE8453800D7A5AA /* queue_runner.pb.swift */,
				E832A11B1EE8453800D7A5AA /* reader_base.pb.swift */,
				E832A11C1EE8453800D7A5AA /* regression.pb.swift */,
				E832A11D1EE8453800D7A5AA /* remote_fused_graph_execute_info.pb.swift */,
				E832A11E1EE8453800D7A5AA /* resource_handle.pb.swift */,
				E832A11F1EE8453800D7A5AA /* resources.pb.swift */,
				E832A1201EE8453800D7A5AA /* rewriter_config.pb.swift */,
				E832A1211EE8453800D7A5AA /* saved_model.pb.swift */,
				E832A1221EE8453800D7A5AA /* saved_model_bundle_source_adapter.pb.swift */,
				E832A1231EE8453800D7A5AA /* saved_tensor_slice.pb.swift */,
				E832A1241EE8453800D7A5AA /* saver.pb.swift */,
				E832A1251EE8453800D7A5AA /* serialized_input.pb.swift */,
				E832A1261EE8453800D7A5AA /* session.pb.swift */,
				E832A1271EE8453800D7A5AA /* session_bundle_config.pb.swift */,
				E832A1281EE8453800D7A5AA /* session_bundle_source_adapter.pb.swift */,
				E832A1291EE8453800D7A5AA /* static_storage_path_source.pb.swift */,
				E832A12A1EE8453800D7A5AA /* step_stats.pb.swift */,
				E832A12B1EE8453800D7A5AA /* storage_path_error_injecting_source_adapter.pb.swift */,
				E832A12C1EE8453800D7A5AA /* summary.pb.swift */,
				E832A12D1EE8453800D7A5AA /* tensor.pb.swift */,
				E832A12E1EE8453800D7A5AA /* tensor_bundle.pb.swift */,
				E832A12F1EE8453800D7A5AA /* tensor_description.pb.swift */,
				E832A1301EE8453800D7A5AA /* tensor_shape.pb.swift */,
				E832A1311EE8453800D7A5AA /* tensor_slice.pb.swift */,
				E832A1321EE8453800D7A5AA /* tensorflow_server.pb.swift */,
				E832A1331EE8453800D7A5AA /* test.pb.swift */,
				E832A1341EE8453800D7A5AA /* test_log.pb.swift */,
				E832A1351EE8453800D7A5AA /* tfcompile.pb.swift */,
				E832A1361EE8453800D7A5AA /* tfprof_log.pb.swift */,
				E832A1371EE8453800D7A5AA /* tfprof_options.pb.swift */,
				E832A1381EE8453800D7A5AA /* tfprof_output.pb.swift */,
				E832A1391EE8453800D7A5AA /* trace_info.pb.swift */,
				E832A13A1EE8453800D7A5AA /* tree_config.pb.swift */,
				E832A13B1EE8453800D7A5AA /* types.pb.swift */,
				E832A13C1EE8453800D7A5AA /* variable.pb.swift */,
				E832A13D1EE8453800D7A5AA /* verbs_service.pb.swift */,
				E832A13E1EE8453800D7A5AA /* versions.pb.swift */,
				E832A13F1EE8453800D7A5AA /* worker.pb.swift */,
				E832A1401EE8453800D7A5AA /* worker_service.pb.swift */,
				E832A1411EE8453800D7A5AA /* xla.pb.swift */,
				E832A1421EE8453800D7A5AA /* xla_data.pb.swift */,
			);
			path = protos;
			sourceTree = "<group>";
		};
/* End PBXGroup section */

/* Begin PBXHeadersBuildPhase section */
		28F8287A1C494B2C00330CF4 /* Headers */ = {
			isa = PBXHeadersBuildPhase;
			buildActionMask = 2147483647;
			files = (
				28F828811C494B2C00330CF4 /* Bender.h in Headers */,
			);
			runOnlyForDeploymentPostprocessing = 0;
		};
/* End PBXHeadersBuildPhase section */

/* Begin PBXNativeTarget section */
		28F8287C1C494B2C00330CF4 /* Bender */ = {
			isa = PBXNativeTarget;
			buildConfigurationList = 28F828911C494B2C00330CF4 /* Build configuration list for PBXNativeTarget "Bender" */;
			buildPhases = (
				28F828781C494B2C00330CF4 /* Sources */,
				28F828791C494B2C00330CF4 /* Frameworks */,
				28F8287A1C494B2C00330CF4 /* Headers */,
				28F8287B1C494B2C00330CF4 /* Resources */,
			);
			buildRules = (
			);
			dependencies = (
			);
			name = Bender;
			productName = Bender;
			productReference = 28F8287D1C494B2C00330CF4 /* Bender.framework */;
			productType = "com.apple.product-type.framework";
		};
/* End PBXNativeTarget section */

/* Begin PBXProject section */
		28F828741C494B2C00330CF4 /* Project object */ = {
			isa = PBXProject;
			attributes = {
				LastSwiftUpdateCheck = 0720;
				LastUpgradeCheck = 0800;
				TargetAttributes = {
					28F8287C1C494B2C00330CF4 = {
						CreatedOnToolsVersion = 7.2;
						LastSwiftMigration = 0830;
					};
				};
			};
			buildConfigurationList = 28F828771C494B2C00330CF4 /* Build configuration list for PBXProject "Bender" */;
			compatibilityVersion = "Xcode 3.2";
			developmentRegion = English;
			hasScannedForEncodings = 0;
			knownRegions = (
				en,
			);
			mainGroup = 28F828731C494B2C00330CF4;
			productRefGroup = 28F8287E1C494B2C00330CF4 /* Products */;
			projectDirPath = "";
			projectRoot = "";
			targets = (
				28F8287C1C494B2C00330CF4 /* Bender */,
			);
		};
/* End PBXProject section */

/* Begin PBXResourcesBuildPhase section */
		28F8287B1C494B2C00330CF4 /* Resources */ = {
			isa = PBXResourcesBuildPhase;
			buildActionMask = 2147483647;
			files = (
			);
			runOnlyForDeploymentPostprocessing = 0;
		};
/* End PBXResourcesBuildPhase section */

/* Begin PBXSourcesBuildPhase section */
		28F828781C494B2C00330CF4 /* Sources */ = {
			isa = PBXSourcesBuildPhase;
			buildActionMask = 2147483647;
			files = (
				E832A14C1EE8453800D7A5AA /* config.pb.swift in Sources */,
				E832A15A1EE8453800D7A5AA /* feature.pb.swift in Sources */,
				E832A1701EE8453900D7A5AA /* memmapped_file_system.pb.swift in Sources */,
				E832A1781EE8453900D7A5AA /* op_def.pb.swift in Sources */,
				E832A1861EE8453900D7A5AA /* rewriter_config.pb.swift in Sources */,
				E832A1941EE8453900D7A5AA /* tensor_bundle.pb.swift in Sources */,
				E832A1A71EE8453900D7A5AA /* xla.pb.swift in Sources */,
				E832A16F1EE8453900D7A5AA /* master_service.pb.swift in Sources */,
				E832A18D1EE8453900D7A5AA /* session_bundle_config.pb.swift in Sources */,
				E832A19E1EE8453900D7A5AA /* tfprof_output.pb.swift in Sources */,
				E832A1831EE8453900D7A5AA /* remote_fused_graph_execute_info.pb.swift in Sources */,
				E832A18C1EE8453900D7A5AA /* session.pb.swift in Sources */,
				E832A1481EE8453800D7A5AA /* class_registration_test.pb.swift in Sources */,
				E832A1641EE8453800D7A5AA /* hparam.pb.swift in Sources */,
				E832A19F1EE8453900D7A5AA /* trace_info.pb.swift in Sources */,
				8FA984091EBA70F900586D1B /* NetworkLayer.swift in Sources */,
				E832A15E1EE8453800D7A5AA /* get_model_metadata.pb.swift in Sources */,
				8F0669BC1EC3A4C1009F5C7C /* SingleBinaryLoader.swift in Sources */,
				E832A1A81EE8453900D7A5AA /* xla_data.pb.swift in Sources */,
				8FA6BABE1ED5BE95004450C0 /* TFGraph.swift in Sources */,
				E832A19C1EE8453900D7A5AA /* tfprof_log.pb.swift in Sources */,
				E832A1871EE8453900D7A5AA /* saved_model.pb.swift in Sources */,
				8FFF4AD71EDEFDB600141E9D /* Shape.swift in Sources */,
				8FA8E3301EC0FE2700E8BAD8 /* Operators.swift in Sources */,
				8F79B8031EC23563002D02C8 /* ResidualLayer.swift in Sources */,
				E832A14B1EE8453800D7A5AA /* compare_test.pb.swift in Sources */,
				E832A1471EE8453800D7A5AA /* checkpoint_state.pb.swift in Sources */,
				E832A17A1EE8453900D7A5AA /* op_performance_data.pb.swift in Sources */,
				E832A1671EE8453800D7A5AA /* kernel_def.pb.swift in Sources */,
				8FA8E3211EC0B8B500E8BAD8 /* BGRAtoRGBA.swift in Sources */,
				E832A1901EE8453900D7A5AA /* step_stats.pb.swift in Sources */,
				8F60A3141EC4D04E00296167 /* ImageLinearTransform.swift in Sources */,
				8FA984161EBA710000586D1B /* instanceNorm.metal in Sources */,
				8FAD35031ED47A97004B69DA /* TFDeleteSubgraph.swift in Sources */,
				8F79B7FE1EC2302C002D02C8 /* Scale.swift in Sources */,
				E832A14A1EE8453800D7A5AA /* cluster.pb.swift in Sources */,
				E832A1661EE8453800D7A5AA /* input.pb.swift in Sources */,
				E832A1591EE8453800D7A5AA /* fake_loader_source_adapter.pb.swift in Sources */,
				8F60A31A1EC4DBE800296167 /* Pooling.swift in Sources */,
				E832A1581EE8453800D7A5AA /* example_proto_fast_parsing_test.pb.swift in Sources */,
				8F79B7FB1EC21C1D002D02C8 /* InstanceNorm.swift in Sources */,
				8F4466CE1ECF5F8E00915819 /* TFWeightData.swift in Sources */,
				8FC8F7B41ED38164004DA113 /* TFDeleteOptimizers.swift in Sources */,
				E832A18A1EE8453900D7A5AA /* saver.pb.swift in Sources */,
				E832A1501EE8453800D7A5AA /* debug.pb.swift in Sources */,
				E832A15D1EE8453800D7A5AA /* generator.pb.swift in Sources */,
				8F60A31D1EC4E6E400296167 /* PaddingType.swift in Sources */,
				8F60A3211EC4F9CD00296167 /* Softmax.swift in Sources */,
				8FA984181EBA710000586D1B /* Shaders.metal in Sources */,
				8F8856591EE05C9E006140B3 /* TFReshapeOptimizer.swift in Sources */,
				E832A1841EE8453900D7A5AA /* resource_handle.pb.swift in Sources */,
				E832A16B1EE8453800D7A5AA /* logging.pb.swift in Sources */,
				8F9F35851EDC83CE005F4DAE /* Data.swift in Sources */,
				E832A1821EE8453900D7A5AA /* regression.pb.swift in Sources */,
				8F0669B71EC37424009F5C7C /* ParameterLoader.swift in Sources */,
				8FA984041EBA70F900586D1B /* Convolution.swift in Sources */,
				8F94C5301ECE042400D5E0E6 /* Converter.swift in Sources */,
				8F3DE15A1EBB962200D81949 /* Network.swift in Sources */,
				8F4466D91ECF831300915819 /* ProtoExtensions.swift in Sources */,
				8F79B7F91EC21AC2002D02C8 /* ConvTranspose.swift in Sources */,
				E832A19A1EE8453900D7A5AA /* test_log.pb.swift in Sources */,
				E832A1851EE8453900D7A5AA /* resources.pb.swift in Sources */,
				E832A1991EE8453900D7A5AA /* test.pb.swift in Sources */,
				8F3DE15F1EBBD0C700D81949 /* Add.swift in Sources */,
				E832A1571EE8453800D7A5AA /* example_parser_configuration.pb.swift in Sources */,
				8FA984141EBA710000586D1B /* conv_transpose.metal in Sources */,
				E832A1721EE8453900D7A5AA /* model.pb.swift in Sources */,
				E832A1691EE8453800D7A5AA /* log_collector_config.pb.swift in Sources */,
				E832A1801EE8453900D7A5AA /* queue_runner.pb.swift in Sources */,
				8F94C5321ECE0B8400D5E0E6 /* TFConverter.swift in Sources */,
				E832A1A01EE8453900D7A5AA /* tree_config.pb.swift in Sources */,
				E832A1A41EE8453900D7A5AA /* versions.pb.swift in Sources */,
				E832A1961EE8453900D7A5AA /* tensor_shape.pb.swift in Sources */,
				8FA984171EBA710000586D1B /* instanceNorm3.metal in Sources */,
				E832A16D1EE8453800D7A5AA /* manifest.pb.swift in Sources */,
				E832A1621EE8453800D7A5AA /* hashmap_source_adapter.pb.swift in Sources */,
				E832A17C1EE8453900D7A5AA /* predict.pb.swift in Sources */,
				8F0669B31EC36672009F5C7C /* ComputePipelineDef.swift in Sources */,
				8F3DE15D1EBB9ACC00D81949 /* MetalShaderManager.swift in Sources */,
				8F79B8081EC248CD002D02C8 /* Dummy.swift in Sources */,
				E832A18B1EE8453900D7A5AA /* serialized_input.pb.swift in Sources */,
				E832A19D1EE8453900D7A5AA /* tfprof_options.pb.swift in Sources */,
				E832A1811EE8453900D7A5AA /* reader_base.pb.swift in Sources */,
				E832A1741EE8453900D7A5AA /* mpi_msg.pb.swift in Sources */,
				8FA6BAC01ED5BE9E004450C0 /* TFNode.swift in Sources */,
				E832A1A51EE8453900D7A5AA /* worker.pb.swift in Sources */,
				E832A1791EE8453900D7A5AA /* op_gen_overrides.pb.swift in Sources */,
				8FA8E32E1EC0FD8800E8BAD8 /* Start.swift in Sources */,
				E832A1491EE8453800D7A5AA /* classification.pb.swift in Sources */,
				8F94C5411ECE262800D5E0E6 /* Regex.swift in Sources */,
				8F0669BA1EC3A31B009F5C7C /* PerLayerBinaryLoader.swift in Sources */,
				8FAB773D1ECC9B0F0050AB16 /* Node.swift in Sources */,
				E832A1521EE8453800D7A5AA /* device_attributes.pb.swift in Sources */,
				E832A1651EE8453800D7A5AA /* inference.pb.swift in Sources */,
				E832A14F1EE8453800D7A5AA /* cpp_shape_inference.pb.swift in Sources */,
				E832A1881EE8453900D7A5AA /* saved_model_bundle_source_adapter.pb.swift in Sources */,
				E832A1561EE8453800D7A5AA /* example.pb.swift in Sources */,
				8FC8F7AF1ED35396004DA113 /* TFDenseSubstitution.swift in Sources */,
				E832A16C1EE8453800D7A5AA /* logging_config.pb.swift in Sources */,
				E832A1A31EE8453900D7A5AA /* verbs_service.pb.swift in Sources */,
				E832A1931EE8453900D7A5AA /* tensor.pb.swift in Sources */,
				E832A1631EE8453800D7A5AA /* hlo.pb.swift in Sources */,
				E832A18E1EE8453900D7A5AA /* session_bundle_source_adapter.pb.swift in Sources */,
				8FAD35091ED4C7B3004B69DA /* TFConvOptimizer.swift in Sources */,
				E832A1601EE8453800D7A5AA /* graph_explorer.pb.swift in Sources */,
				8FA984241EBA77AE00586D1B /* MPSImageDescriptor.swift in Sources */,
				E832A1681EE8453800D7A5AA /* learner.pb.swift in Sources */,
				E832A1971EE8453900D7A5AA /* tensor_slice.pb.swift in Sources */,
				E832A1911EE8453900D7A5AA /* storage_path_error_injecting_source_adapter.pb.swift in Sources */,
				8FA9841D1EBA726B00586D1B /* Constants.swift in Sources */,
				E832A1981EE8453900D7A5AA /* tensorflow_server.pb.swift in Sources */,
				E832A1531EE8453800D7A5AA /* device_properties.pb.swift in Sources */,
				4697C2191ED31F8D003ED2E9 /* local_response_norm.metal in Sources */,
				8FAB77391ECC993A0050AB16 /* Graph.swift in Sources */,
				8F94C53D1ECE1DD000D5E0E6 /* TFVariableProcessor.swift in Sources */,
				8FAB772E1ECC8D6E0050AB16 /* TFGraphLoader.swift in Sources */,
				E832A15B1EE8453800D7A5AA /* file_system_storage_path_source.pb.swift in Sources */,
				E832A14E1EE8453800D7A5AA /* cost_graph.pb.swift in Sources */,
				8FA984261EBA77E400586D1B /* LayerSize.swift in Sources */,
				8FA6BABC1ED5BD48004450C0 /* TFConverter+Mappers.swift in Sources */,
				E832A16A1EE8453800D7A5AA /* log_memory.pb.swift in Sources */,
				E832A15F1EE8453800D7A5AA /* graph.pb.swift in Sources */,
				8FA6BAC21ED5CFCE004450C0 /* TFInstanceNormOptimizer.swift in Sources */,
				E832A1A21EE8453900D7A5AA /* variable.pb.swift in Sources */,
				8F79B7FA1EC21BE8002D02C8 /* Crop.swift in Sources */,
				E832A1441EE8453800D7A5AA /* api_objects.pb.swift in Sources */,
				8F79B80A1EC2514A002D02C8 /* MTLDevice.swift in Sources */,
				8F0669B11EC364A3009F5C7C /* PALFunctionConstant.swift in Sources */,
				E832A16E1EE8453900D7A5AA /* master.pb.swift in Sources */,
				8F94C5341ECE0DC600D5E0E6 /* TFOptimizer.swift in Sources */,
				8F60A31F1EC4F16200296167 /* FullyConnected.swift in Sources */,
				E832A1921EE8453900D7A5AA /* summary.pb.swift in Sources */,
				E832A1761EE8453900D7A5AA /* named_tensor.pb.swift in Sources */,
				E832A18F1EE8453900D7A5AA /* static_storage_path_source.pb.swift in Sources */,
				E832A1A61EE8453900D7A5AA /* worker_service.pb.swift in Sources */,
				8F94C53F1ECE256100D5E0E6 /* String+TFParsing.swift in Sources */,
				E832A17E1EE8453900D7A5AA /* projector_config.pb.swift in Sources */,
				E832A1A11EE8453900D7A5AA /* types.pb.swift in Sources */,
				8F60A3231EC4FA7A00296167 /* SpatialNorm.swift in Sources */,
				E832A1751EE8453900D7A5AA /* music.pb.swift in Sources */,
				E832A15C1EE8453800D7A5AA /* function.pb.swift in Sources */,
				E832A1951EE8453900D7A5AA /* tensor_description.pb.swift in Sources */,
				8FA984211EBA778900586D1B /* MTLTexture.swift in Sources */,
				8F79B8021EC23444002D02C8 /* Neuron.swift in Sources */,
				E832A1541EE8453800D7A5AA /* error_codes.pb.swift in Sources */,
				E832A1711EE8453900D7A5AA /* meta_graph.pb.swift in Sources */,
				4697C21B1ED35E50003ED2E9 /* LocalResponseNorm.swift in Sources */,
				E832A1891EE8453900D7A5AA /* saved_tensor_slice.pb.swift in Sources */,
				E832A1731EE8453900D7A5AA /* model_server_config.pb.swift in Sources */,
				E832A14D1EE8453800D7A5AA /* control_flow.pb.swift in Sources */,
				E832A1431EE8453800D7A5AA /* allocation_description.pb.swift in Sources */,
				8F79B8001EC233A8002D02C8 /* ActivationNeuronType.swift in Sources */,
				E832A17D1EE8453900D7A5AA /* prediction_service.pb.swift in Sources */,
				E832A1461EE8453800D7A5AA /* bigquery_table_partition.pb.swift in Sources */,
				E832A1511EE8453800D7A5AA /* debug_service.pb.swift in Sources */,
				E832A17F1EE8453900D7A5AA /* quantiles.pb.swift in Sources */,
				E832A1451EE8453800D7A5AA /* attr_value.pb.swift in Sources */,
				8FA9841B1EBA723500586D1B /* Helpers.swift in Sources */,
				E832A19B1EE8453900D7A5AA /* tfcompile.pb.swift in Sources */,
				E832A17B1EE8453900D7A5AA /* platform_config.pb.swift in Sources */,
				E832A1611EE8453800D7A5AA /* graph_transfer_info.pb.swift in Sources */,
				E832A1771EE8453900D7A5AA /* node_def.pb.swift in Sources */,
				E832A1551EE8453800D7A5AA /* event.pb.swift in Sources */,
				8F79B8011EC233F3002D02C8 /* Identity.swift in Sources */,
			);
			runOnlyForDeploymentPostprocessing = 0;
		};
/* End PBXSourcesBuildPhase section */

/* Begin XCBuildConfiguration section */
		28F8288F1C494B2C00330CF4 /* Debug */ = {
			isa = XCBuildConfiguration;
			buildSettings = {
				ALWAYS_SEARCH_USER_PATHS = NO;
				CLANG_CXX_LANGUAGE_STANDARD = "gnu++0x";
				CLANG_CXX_LIBRARY = "libc++";
				CLANG_ENABLE_MODULES = YES;
				CLANG_ENABLE_OBJC_ARC = YES;
				CLANG_WARN_BOOL_CONVERSION = YES;
				CLANG_WARN_CONSTANT_CONVERSION = YES;
				CLANG_WARN_DIRECT_OBJC_ISA_USAGE = YES_ERROR;
				CLANG_WARN_EMPTY_BODY = YES;
				CLANG_WARN_ENUM_CONVERSION = YES;
				CLANG_WARN_INFINITE_RECURSION = YES;
				CLANG_WARN_INT_CONVERSION = YES;
				CLANG_WARN_OBJC_ROOT_CLASS = YES_ERROR;
				CLANG_WARN_SUSPICIOUS_MOVE = YES;
				CLANG_WARN_UNREACHABLE_CODE = YES;
				CLANG_WARN__DUPLICATE_METHOD_MATCH = YES;
				"CODE_SIGN_IDENTITY[sdk=iphoneos*]" = "iPhone Developer";
				COPY_PHASE_STRIP = NO;
				CURRENT_PROJECT_VERSION = 1;
				DEBUG_INFORMATION_FORMAT = dwarf;
				ENABLE_STRICT_OBJC_MSGSEND = YES;
				ENABLE_TESTABILITY = YES;
				GCC_C_LANGUAGE_STANDARD = gnu99;
				GCC_DYNAMIC_NO_PIC = NO;
				GCC_NO_COMMON_BLOCKS = YES;
				GCC_OPTIMIZATION_LEVEL = 0;
				GCC_PREPROCESSOR_DEFINITIONS = (
					"DEBUG=1",
					"$(inherited)",
				);
				GCC_WARN_64_TO_32_BIT_CONVERSION = YES;
				GCC_WARN_ABOUT_RETURN_TYPE = YES_ERROR;
				GCC_WARN_UNDECLARED_SELECTOR = YES;
				GCC_WARN_UNINITIALIZED_AUTOS = YES_AGGRESSIVE;
				GCC_WARN_UNUSED_FUNCTION = YES;
				GCC_WARN_UNUSED_VARIABLE = YES;
				IPHONEOS_DEPLOYMENT_TARGET = 10.0;
				MTL_ENABLE_DEBUG_INFO = YES;
				ONLY_ACTIVE_ARCH = YES;
				SDKROOT = iphoneos;
				SWIFT_OPTIMIZATION_LEVEL = "-Onone";
				TARGETED_DEVICE_FAMILY = "1,2";
				VERSIONING_SYSTEM = "apple-generic";
				VERSION_INFO_PREFIX = "";
			};
			name = Debug;
		};
		28F828901C494B2C00330CF4 /* Release */ = {
			isa = XCBuildConfiguration;
			buildSettings = {
				ALWAYS_SEARCH_USER_PATHS = NO;
				CLANG_CXX_LANGUAGE_STANDARD = "gnu++0x";
				CLANG_CXX_LIBRARY = "libc++";
				CLANG_ENABLE_MODULES = YES;
				CLANG_ENABLE_OBJC_ARC = YES;
				CLANG_WARN_BOOL_CONVERSION = YES;
				CLANG_WARN_CONSTANT_CONVERSION = YES;
				CLANG_WARN_DIRECT_OBJC_ISA_USAGE = YES_ERROR;
				CLANG_WARN_EMPTY_BODY = YES;
				CLANG_WARN_ENUM_CONVERSION = YES;
				CLANG_WARN_INFINITE_RECURSION = YES;
				CLANG_WARN_INT_CONVERSION = YES;
				CLANG_WARN_OBJC_ROOT_CLASS = YES_ERROR;
				CLANG_WARN_SUSPICIOUS_MOVE = YES;
				CLANG_WARN_UNREACHABLE_CODE = YES;
				CLANG_WARN__DUPLICATE_METHOD_MATCH = YES;
				"CODE_SIGN_IDENTITY[sdk=iphoneos*]" = "iPhone Developer";
				COPY_PHASE_STRIP = NO;
				CURRENT_PROJECT_VERSION = 1;
				DEBUG_INFORMATION_FORMAT = "dwarf-with-dsym";
				ENABLE_NS_ASSERTIONS = NO;
				ENABLE_STRICT_OBJC_MSGSEND = YES;
				GCC_C_LANGUAGE_STANDARD = gnu99;
				GCC_NO_COMMON_BLOCKS = YES;
				GCC_WARN_64_TO_32_BIT_CONVERSION = YES;
				GCC_WARN_ABOUT_RETURN_TYPE = YES_ERROR;
				GCC_WARN_UNDECLARED_SELECTOR = YES;
				GCC_WARN_UNINITIALIZED_AUTOS = YES_AGGRESSIVE;
				GCC_WARN_UNUSED_FUNCTION = YES;
				GCC_WARN_UNUSED_VARIABLE = YES;
				IPHONEOS_DEPLOYMENT_TARGET = 10.0;
				MTL_ENABLE_DEBUG_INFO = NO;
				SDKROOT = iphoneos;
				SWIFT_OPTIMIZATION_LEVEL = "-Owholemodule";
				TARGETED_DEVICE_FAMILY = "1,2";
				VALIDATE_PRODUCT = YES;
				VERSIONING_SYSTEM = "apple-generic";
				VERSION_INFO_PREFIX = "";
			};
			name = Release;
		};
		28F828921C494B2C00330CF4 /* Debug */ = {
			isa = XCBuildConfiguration;
			buildSettings = {
				CLANG_ENABLE_MODULES = YES;
				"CODE_SIGN_IDENTITY[sdk=iphoneos*]" = "";
				DEFINES_MODULE = YES;
				DYLIB_COMPATIBILITY_VERSION = 1;
				DYLIB_CURRENT_VERSION = 1;
				DYLIB_INSTALL_NAME_BASE = "@rpath";
				FRAMEWORK_SEARCH_PATHS = (
					"$(inherited)",
					"$(PROJECT_DIR)/Carthage/Build/iOS",
				);
				INFOPLIST_FILE = "$(SRCROOT)/Sources/Info.plist";
				INSTALL_PATH = "$(LOCAL_LIBRARY_DIR)/Frameworks";
				LD_RUNPATH_SEARCH_PATHS = "$(inherited) @executable_path/Frameworks @loader_path/Frameworks";
				PRODUCT_BUNDLE_IDENTIFIER = com.xmartlabs.Bender;
				PRODUCT_NAME = "$(TARGET_NAME)";
				SKIP_INSTALL = YES;
				SWIFT_OPTIMIZATION_LEVEL = "-Onone";
				SWIFT_VERSION = 3.0;
			};
			name = Debug;
		};
		28F828931C494B2C00330CF4 /* Release */ = {
			isa = XCBuildConfiguration;
			buildSettings = {
				CLANG_ENABLE_MODULES = YES;
				"CODE_SIGN_IDENTITY[sdk=iphoneos*]" = "";
				DEFINES_MODULE = YES;
				DYLIB_COMPATIBILITY_VERSION = 1;
				DYLIB_CURRENT_VERSION = 1;
				DYLIB_INSTALL_NAME_BASE = "@rpath";
				FRAMEWORK_SEARCH_PATHS = (
					"$(inherited)",
					"$(PROJECT_DIR)/Carthage/Build/iOS",
				);
				INFOPLIST_FILE = "$(SRCROOT)/Sources/Info.plist";
				INSTALL_PATH = "$(LOCAL_LIBRARY_DIR)/Frameworks";
				LD_RUNPATH_SEARCH_PATHS = "$(inherited) @executable_path/Frameworks @loader_path/Frameworks";
				PRODUCT_BUNDLE_IDENTIFIER = com.xmartlabs.Bender;
				PRODUCT_NAME = "$(TARGET_NAME)";
				SKIP_INSTALL = YES;
				SWIFT_VERSION = 3.0;
			};
			name = Release;
		};
/* End XCBuildConfiguration section */

/* Begin XCConfigurationList section */
		28F828771C494B2C00330CF4 /* Build configuration list for PBXProject "Bender" */ = {
			isa = XCConfigurationList;
			buildConfigurations = (
				28F8288F1C494B2C00330CF4 /* Debug */,
				28F828901C494B2C00330CF4 /* Release */,
			);
			defaultConfigurationIsVisible = 0;
			defaultConfigurationName = Release;
		};
		28F828911C494B2C00330CF4 /* Build configuration list for PBXNativeTarget "Bender" */ = {
			isa = XCConfigurationList;
			buildConfigurations = (
				28F828921C494B2C00330CF4 /* Debug */,
				28F828931C494B2C00330CF4 /* Release */,
			);
			defaultConfigurationIsVisible = 0;
			defaultConfigurationName = Release;
		};
/* End XCConfigurationList section */
	};
	rootObject = 28F828741C494B2C00330CF4 /* Project object */;
}
